
Microsoft Visual Studio Solution File, Format Version 12.00
# Visual Studio 14
VisualStudioVersion = 14.0.25123.0
MinimumVisualStudioVersion = 10.0.40219.1
Project("{8BC9CEB8-8B4A-11D0-8D11-00A0C91BC942}") = "asm_makeinsts", "asm_makeinsts\asm_makeinsts.vcxproj", "{E85F5BD3-FEA3-4342-885E-2C00AFBFE12E}"
EndProject
Project("{8BC9CEB8-8B4A-11D0-8D11-00A0C91BC942}") = "bblaunch", "bblaunch\bblaunch.vcxproj", "{C74A383E-81B0-4679-AAC9-535C94C92EA5}"
EndProject
Project("{8BC9CEB8-8B4A-11D0-8D11-00A0C91BC942}") = "bbruntime", "bbruntime\bbruntime.vcxproj", "{DF8CAA9D-7154-4D5F-BCCC-0D7BB57C7354}"
EndProject
Project("{8BC9CEB8-8B4A-11D0-8D11-00A0C91BC942}") = "bbruntime_dll", "bbruntime_dll\bbruntime_dll.vcxproj", "{5FA2FD4A-F9A4-41BA-9484-07C3A57A87E3}"
EndProject
Project("{8BC9CEB8-8B4A-11D0-8D11-00A0C91BC942}") = "blitz", "blitz\blitz.vcxproj", "{C23AF61E-9509-411F-933E-17DB18884B21}"
EndProject
Project("{8BC9CEB8-8B4A-11D0-8D11-00A0C91BC942}") = "blitz3d", "blitz3d\blitz3d.vcxproj", "{BE0BA538-6215-4836-9227-1D3627E40D61}"
EndProject
Project("{8BC9CEB8-8B4A-11D0-8D11-00A0C91BC942}") = "blitzide", "blitzide\blitzide.vcxproj", "{B61D8348-B715-42B8-A759-C7BBB0C8CD4D}"
EndProject
Project("{8BC9CEB8-8B4A-11D0-8D11-00A0C91BC942}") = "compiler", "compiler\compiler.vcxproj", "{D884A075-E3B8-44E1-838D-74F28B33391B}"
EndProject
Project("{8BC9CEB8-8B4A-11D0-8D11-00A0C91BC942}") = "config", "config\config.vcxproj", "{3E355353-96D8-4AAF-BF95-8E6CA0D4B1BA}"
EndProject
Project("{8BC9CEB8-8B4A-11D0-8D11-00A0C91BC942}") = "debugger", "debugger\debugger.vcxproj", "{4132C330-95D9-4F68-A51A-3B90381587C5}"
EndProject
Project("{8BC9CEB8-8B4A-11D0-8D11-00A0C91BC942}") = "gxruntime", "gxruntime\gxruntime.vcxproj", "{FF2D8BF7-1930-4CAB-BC48-05CD33B7DC18}"
EndProject
Project("{8BC9CEB8-8B4A-11D0-8D11-00A0C91BC942}") = "linker", "linker\linker.vcxproj", "{0B629BA3-D138-407A-801D-DBE7C8DC4324}"
EndProject
Project("{8BC9CEB8-8B4A-11D0-8D11-00A0C91BC942}") = "linker_dll", "linker_dll\linker_dll.vcxproj", "{778BCC7F-40F9-4309-9A88-C0F60D9B364D}"
EndProject
Project("{8BC9CEB8-8B4A-11D0-8D11-00A0C91BC942}") = "stdutil", "stdutil\stdutil.vcxproj", "{6BCFC5CA-EA71-4AE9-8B96-28B8701F939E}"
EndProject
Global
	GlobalSection(SolutionConfigurationPlatforms) = preSolution
		AppStore|Any CPU = AppStore|Any CPU
		AppStore|ARM = AppStore|ARM
		AppStore|iPhone = AppStore|iPhone
		AppStore|iPhoneSimulator = AppStore|iPhoneSimulator
		AppStore|x86 = AppStore|x86
		Blitz2DRelease|Any CPU = Blitz2DRelease|Any CPU
		Blitz2DRelease|ARM = Blitz2DRelease|ARM
		Blitz2DRelease|iPhone = Blitz2DRelease|iPhone
		Blitz2DRelease|iPhoneSimulator = Blitz2DRelease|iPhoneSimulator
		Blitz2DRelease|x86 = Blitz2DRelease|x86
		Blitz3DRelease|Any CPU = Blitz3DRelease|Any CPU
		Blitz3DRelease|ARM = Blitz3DRelease|ARM
		Blitz3DRelease|iPhone = Blitz3DRelease|iPhone
		Blitz3DRelease|iPhoneSimulator = Blitz3DRelease|iPhoneSimulator
		Blitz3DRelease|x86 = Blitz3DRelease|x86
		Debug|Any CPU = Debug|Any CPU
		Debug|ARM = Debug|ARM
		Debug|iPhone = Debug|iPhone
		Debug|iPhoneSimulator = Debug|iPhoneSimulator
		Debug|x86 = Debug|x86
		Release|Any CPU = Release|Any CPU
		Release|ARM = Release|ARM
		Release|iPhone = Release|iPhone
		Release|iPhoneSimulator = Release|iPhoneSimulator
		Release|x86 = Release|x86
		Template|Any CPU = Template|Any CPU
		Template|ARM = Template|ARM
		Template|iPhone = Template|iPhone
		Template|iPhoneSimulator = Template|iPhoneSimulator
		Template|x86 = Template|x86
	EndGlobalSection
	GlobalSection(ProjectConfigurationPlatforms) = postSolution
		{E85F5BD3-FEA3-4342-885E-2C00AFBFE12E}.AppStore|Any CPU.ActiveCfg = Debug|Win32
		{E85F5BD3-FEA3-4342-885E-2C00AFBFE12E}.AppStore|Any CPU.Build.0 = Debug|Win32
		{E85F5BD3-FEA3-4342-885E-2C00AFBFE12E}.AppStore|ARM.ActiveCfg = Debug|Win32
		{E85F5BD3-FEA3-4342-885E-2C00AFBFE12E}.AppStore|ARM.Build.0 = Debug|Win32
		{E85F5BD3-FEA3-4342-885E-2C00AFBFE12E}.AppStore|iPhone.ActiveCfg = Debug|Win32
		{E85F5BD3-FEA3-4342-885E-2C00AFBFE12E}.AppStore|iPhone.Build.0 = Debug|Win32
		{E85F5BD3-FEA3-4342-885E-2C00AFBFE12E}.AppStore|iPhoneSimulator.ActiveCfg = Debug|Win32
		{E85F5BD3-FEA3-4342-885E-2C00AFBFE12E}.AppStore|iPhoneSimulator.Build.0 = Debug|Win32
		{E85F5BD3-FEA3-4342-885E-2C00AFBFE12E}.AppStore|x86.ActiveCfg = Debug|Win32
		{E85F5BD3-FEA3-4342-885E-2C00AFBFE12E}.AppStore|x86.Build.0 = Debug|Win32
		{E85F5BD3-FEA3-4342-885E-2C00AFBFE12E}.Blitz2DRelease|Any CPU.ActiveCfg = Debug|Win32
		{E85F5BD3-FEA3-4342-885E-2C00AFBFE12E}.Blitz2DRelease|Any CPU.Build.0 = Debug|Win32
		{E85F5BD3-FEA3-4342-885E-2C00AFBFE12E}.Blitz2DRelease|ARM.ActiveCfg = Debug|Win32
		{E85F5BD3-FEA3-4342-885E-2C00AFBFE12E}.Blitz2DRelease|ARM.Build.0 = Debug|Win32
		{E85F5BD3-FEA3-4342-885E-2C00AFBFE12E}.Blitz2DRelease|iPhone.ActiveCfg = Debug|Win32
		{E85F5BD3-FEA3-4342-885E-2C00AFBFE12E}.Blitz2DRelease|iPhone.Build.0 = Debug|Win32
		{E85F5BD3-FEA3-4342-885E-2C00AFBFE12E}.Blitz2DRelease|iPhoneSimulator.ActiveCfg = Debug|Win32
		{E85F5BD3-FEA3-4342-885E-2C00AFBFE12E}.Blitz2DRelease|iPhoneSimulator.Build.0 = Debug|Win32
		{E85F5BD3-FEA3-4342-885E-2C00AFBFE12E}.Blitz2DRelease|x86.ActiveCfg = Release|Win32
		{E85F5BD3-FEA3-4342-885E-2C00AFBFE12E}.Blitz2DRelease|x86.Build.0 = Release|Win32
		{E85F5BD3-FEA3-4342-885E-2C00AFBFE12E}.Blitz3DRelease|Any CPU.ActiveCfg = Debug|Win32
		{E85F5BD3-FEA3-4342-885E-2C00AFBFE12E}.Blitz3DRelease|Any CPU.Build.0 = Debug|Win32
		{E85F5BD3-FEA3-4342-885E-2C00AFBFE12E}.Blitz3DRelease|ARM.ActiveCfg = Debug|Win32
		{E85F5BD3-FEA3-4342-885E-2C00AFBFE12E}.Blitz3DRelease|ARM.Build.0 = Debug|Win32
		{E85F5BD3-FEA3-4342-885E-2C00AFBFE12E}.Blitz3DRelease|iPhone.ActiveCfg = Debug|Win32
		{E85F5BD3-FEA3-4342-885E-2C00AFBFE12E}.Blitz3DRelease|iPhone.Build.0 = Debug|Win32
		{E85F5BD3-FEA3-4342-885E-2C00AFBFE12E}.Blitz3DRelease|iPhoneSimulator.ActiveCfg = Debug|Win32
		{E85F5BD3-FEA3-4342-885E-2C00AFBFE12E}.Blitz3DRelease|iPhoneSimulator.Build.0 = Debug|Win32
		{E85F5BD3-FEA3-4342-885E-2C00AFBFE12E}.Blitz3DRelease|x86.ActiveCfg = Release|Win32
		{E85F5BD3-FEA3-4342-885E-2C00AFBFE12E}.Blitz3DRelease|x86.Build.0 = Release|Win32
		{E85F5BD3-FEA3-4342-885E-2C00AFBFE12E}.Debug|Any CPU.ActiveCfg = Debug|Win32
		{E85F5BD3-FEA3-4342-885E-2C00AFBFE12E}.Debug|ARM.ActiveCfg = Debug|Win32
		{E85F5BD3-FEA3-4342-885E-2C00AFBFE12E}.Debug|iPhone.ActiveCfg = Debug|Win32
		{E85F5BD3-FEA3-4342-885E-2C00AFBFE12E}.Debug|iPhoneSimulator.ActiveCfg = Debug|Win32
		{E85F5BD3-FEA3-4342-885E-2C00AFBFE12E}.Debug|x86.ActiveCfg = Debug|Win32
		{E85F5BD3-FEA3-4342-885E-2C00AFBFE12E}.Debug|x86.Build.0 = Debug|Win32
		{E85F5BD3-FEA3-4342-885E-2C00AFBFE12E}.Release|Any CPU.ActiveCfg = Release|Win32
		{E85F5BD3-FEA3-4342-885E-2C00AFBFE12E}.Release|ARM.ActiveCfg = Release|Win32
		{E85F5BD3-FEA3-4342-885E-2C00AFBFE12E}.Release|iPhone.ActiveCfg = Release|Win32
		{E85F5BD3-FEA3-4342-885E-2C00AFBFE12E}.Release|iPhoneSimulator.ActiveCfg = Release|Win32
		{E85F5BD3-FEA3-4342-885E-2C00AFBFE12E}.Release|x86.ActiveCfg = Release|Win32
		{E85F5BD3-FEA3-4342-885E-2C00AFBFE12E}.Release|x86.Build.0 = Release|Win32
		{E85F5BD3-FEA3-4342-885E-2C00AFBFE12E}.Template|Any CPU.ActiveCfg = Debug|Win32
		{E85F5BD3-FEA3-4342-885E-2C00AFBFE12E}.Template|Any CPU.Build.0 = Debug|Win32
		{E85F5BD3-FEA3-4342-885E-2C00AFBFE12E}.Template|ARM.ActiveCfg = Debug|Win32
		{E85F5BD3-FEA3-4342-885E-2C00AFBFE12E}.Template|ARM.Build.0 = Debug|Win32
		{E85F5BD3-FEA3-4342-885E-2C00AFBFE12E}.Template|iPhone.ActiveCfg = Debug|Win32
		{E85F5BD3-FEA3-4342-885E-2C00AFBFE12E}.Template|iPhone.Build.0 = Debug|Win32
		{E85F5BD3-FEA3-4342-885E-2C00AFBFE12E}.Template|iPhoneSimulator.ActiveCfg = Debug|Win32
		{E85F5BD3-FEA3-4342-885E-2C00AFBFE12E}.Template|iPhoneSimulator.Build.0 = Debug|Win32
		{E85F5BD3-FEA3-4342-885E-2C00AFBFE12E}.Template|x86.ActiveCfg = Release|Win32
		{E85F5BD3-FEA3-4342-885E-2C00AFBFE12E}.Template|x86.Build.0 = Release|Win32
		{C74A383E-81B0-4679-AAC9-535C94C92EA5}.AppStore|Any CPU.ActiveCfg = Template|Win32
		{C74A383E-81B0-4679-AAC9-535C94C92EA5}.AppStore|Any CPU.Build.0 = Template|Win32
		{C74A383E-81B0-4679-AAC9-535C94C92EA5}.AppStore|ARM.ActiveCfg = Template|Win32
		{C74A383E-81B0-4679-AAC9-535C94C92EA5}.AppStore|ARM.Build.0 = Template|Win32
		{C74A383E-81B0-4679-AAC9-535C94C92EA5}.AppStore|iPhone.ActiveCfg = Template|Win32
		{C74A383E-81B0-4679-AAC9-535C94C92EA5}.AppStore|iPhone.Build.0 = Template|Win32
		{C74A383E-81B0-4679-AAC9-535C94C92EA5}.AppStore|iPhoneSimulator.ActiveCfg = Template|Win32
		{C74A383E-81B0-4679-AAC9-535C94C92EA5}.AppStore|iPhoneSimulator.Build.0 = Template|Win32
		{C74A383E-81B0-4679-AAC9-535C94C92EA5}.AppStore|x86.ActiveCfg = Template|Win32
		{C74A383E-81B0-4679-AAC9-535C94C92EA5}.AppStore|x86.Build.0 = Template|Win32
		{C74A383E-81B0-4679-AAC9-535C94C92EA5}.Blitz2DRelease|Any CPU.ActiveCfg = Blitz2DRelease|Win32
		{C74A383E-81B0-4679-AAC9-535C94C92EA5}.Blitz2DRelease|ARM.ActiveCfg = Blitz2DRelease|Win32
		{C74A383E-81B0-4679-AAC9-535C94C92EA5}.Blitz2DRelease|iPhone.ActiveCfg = Blitz2DRelease|Win32
		{C74A383E-81B0-4679-AAC9-535C94C92EA5}.Blitz2DRelease|iPhoneSimulator.ActiveCfg = Blitz2DRelease|Win32
		{C74A383E-81B0-4679-AAC9-535C94C92EA5}.Blitz2DRelease|x86.ActiveCfg = Blitz2DRelease|Win32
		{C74A383E-81B0-4679-AAC9-535C94C92EA5}.Blitz2DRelease|x86.Build.0 = Blitz2DRelease|Win32
		{C74A383E-81B0-4679-AAC9-535C94C92EA5}.Blitz3DRelease|Any CPU.ActiveCfg = Blitz3DRelease|Win32
		{C74A383E-81B0-4679-AAC9-535C94C92EA5}.Blitz3DRelease|ARM.ActiveCfg = Blitz3DRelease|Win32
		{C74A383E-81B0-4679-AAC9-535C94C92EA5}.Blitz3DRelease|iPhone.ActiveCfg = Blitz3DRelease|Win32
		{C74A383E-81B0-4679-AAC9-535C94C92EA5}.Blitz3DRelease|iPhoneSimulator.ActiveCfg = Blitz3DRelease|Win32
		{C74A383E-81B0-4679-AAC9-535C94C92EA5}.Blitz3DRelease|x86.ActiveCfg = Blitz3DRelease|Win32
		{C74A383E-81B0-4679-AAC9-535C94C92EA5}.Blitz3DRelease|x86.Build.0 = Blitz3DRelease|Win32
		{C74A383E-81B0-4679-AAC9-535C94C92EA5}.Debug|Any CPU.ActiveCfg = Debug|Win32
		{C74A383E-81B0-4679-AAC9-535C94C92EA5}.Debug|ARM.ActiveCfg = Debug|Win32
		{C74A383E-81B0-4679-AAC9-535C94C92EA5}.Debug|iPhone.ActiveCfg = Debug|Win32
		{C74A383E-81B0-4679-AAC9-535C94C92EA5}.Debug|iPhoneSimulator.ActiveCfg = Debug|Win32
		{C74A383E-81B0-4679-AAC9-535C94C92EA5}.Debug|x86.ActiveCfg = Debug|Win32
		{C74A383E-81B0-4679-AAC9-535C94C92EA5}.Debug|x86.Build.0 = Debug|Win32
		{C74A383E-81B0-4679-AAC9-535C94C92EA5}.Release|Any CPU.ActiveCfg = Release|Win32
		{C74A383E-81B0-4679-AAC9-535C94C92EA5}.Release|ARM.ActiveCfg = Release|Win32
		{C74A383E-81B0-4679-AAC9-535C94C92EA5}.Release|iPhone.ActiveCfg = Release|Win32
		{C74A383E-81B0-4679-AAC9-535C94C92EA5}.Release|iPhoneSimulator.ActiveCfg = Release|Win32
		{C74A383E-81B0-4679-AAC9-535C94C92EA5}.Release|x86.ActiveCfg = Release|Win32
		{C74A383E-81B0-4679-AAC9-535C94C92EA5}.Release|x86.Build.0 = Release|Win32
		{C74A383E-81B0-4679-AAC9-535C94C92EA5}.Template|Any CPU.ActiveCfg = Template|Win32
		{C74A383E-81B0-4679-AAC9-535C94C92EA5}.Template|ARM.ActiveCfg = Template|Win32
		{C74A383E-81B0-4679-AAC9-535C94C92EA5}.Template|iPhone.ActiveCfg = Template|Win32
		{C74A383E-81B0-4679-AAC9-535C94C92EA5}.Template|iPhoneSimulator.ActiveCfg = Template|Win32
		{C74A383E-81B0-4679-AAC9-535C94C92EA5}.Template|x86.ActiveCfg = Template|Win32
		{C74A383E-81B0-4679-AAC9-535C94C92EA5}.Template|x86.Build.0 = Template|Win32
		{DF8CAA9D-7154-4D5F-BCCC-0D7BB57C7354}.AppStore|Any CPU.ActiveCfg = Template|Win32
		{DF8CAA9D-7154-4D5F-BCCC-0D7BB57C7354}.AppStore|Any CPU.Build.0 = Template|Win32
		{DF8CAA9D-7154-4D5F-BCCC-0D7BB57C7354}.AppStore|ARM.ActiveCfg = Template|Win32
		{DF8CAA9D-7154-4D5F-BCCC-0D7BB57C7354}.AppStore|ARM.Build.0 = Template|Win32
		{DF8CAA9D-7154-4D5F-BCCC-0D7BB57C7354}.AppStore|iPhone.ActiveCfg = Template|Win32
		{DF8CAA9D-7154-4D5F-BCCC-0D7BB57C7354}.AppStore|iPhone.Build.0 = Template|Win32
		{DF8CAA9D-7154-4D5F-BCCC-0D7BB57C7354}.AppStore|iPhoneSimulator.ActiveCfg = Template|Win32
		{DF8CAA9D-7154-4D5F-BCCC-0D7BB57C7354}.AppStore|iPhoneSimulator.Build.0 = Template|Win32
		{DF8CAA9D-7154-4D5F-BCCC-0D7BB57C7354}.AppStore|x86.ActiveCfg = Template|Win32
		{DF8CAA9D-7154-4D5F-BCCC-0D7BB57C7354}.AppStore|x86.Build.0 = Template|Win32
		{DF8CAA9D-7154-4D5F-BCCC-0D7BB57C7354}.Blitz2DRelease|Any CPU.ActiveCfg = Blitz2DRelease|Win32
		{DF8CAA9D-7154-4D5F-BCCC-0D7BB57C7354}.Blitz2DRelease|ARM.ActiveCfg = Blitz2DRelease|Win32
		{DF8CAA9D-7154-4D5F-BCCC-0D7BB57C7354}.Blitz2DRelease|iPhone.ActiveCfg = Blitz2DRelease|Win32
		{DF8CAA9D-7154-4D5F-BCCC-0D7BB57C7354}.Blitz2DRelease|iPhoneSimulator.ActiveCfg = Blitz2DRelease|Win32
		{DF8CAA9D-7154-4D5F-BCCC-0D7BB57C7354}.Blitz2DRelease|x86.ActiveCfg = Blitz2DRelease|Win32
		{DF8CAA9D-7154-4D5F-BCCC-0D7BB57C7354}.Blitz2DRelease|x86.Build.0 = Blitz2DRelease|Win32
		{DF8CAA9D-7154-4D5F-BCCC-0D7BB57C7354}.Blitz3DRelease|Any CPU.ActiveCfg = Blitz3DRelease|Win32
		{DF8CAA9D-7154-4D5F-BCCC-0D7BB57C7354}.Blitz3DRelease|ARM.ActiveCfg = Blitz3DRelease|Win32
		{DF8CAA9D-7154-4D5F-BCCC-0D7BB57C7354}.Blitz3DRelease|iPhone.ActiveCfg = Blitz3DRelease|Win32
		{DF8CAA9D-7154-4D5F-BCCC-0D7BB57C7354}.Blitz3DRelease|iPhoneSimulator.ActiveCfg = Blitz3DRelease|Win32
		{DF8CAA9D-7154-4D5F-BCCC-0D7BB57C7354}.Blitz3DRelease|x86.ActiveCfg = Blitz3DRelease|Win32
		{DF8CAA9D-7154-4D5F-BCCC-0D7BB57C7354}.Blitz3DRelease|x86.Build.0 = Blitz3DRelease|Win32
		{DF8CAA9D-7154-4D5F-BCCC-0D7BB57C7354}.Debug|Any CPU.ActiveCfg = Debug|Win32
		{DF8CAA9D-7154-4D5F-BCCC-0D7BB57C7354}.Debug|ARM.ActiveCfg = Debug|Win32
		{DF8CAA9D-7154-4D5F-BCCC-0D7BB57C7354}.Debug|iPhone.ActiveCfg = Debug|Win32
		{DF8CAA9D-7154-4D5F-BCCC-0D7BB57C7354}.Debug|iPhoneSimulator.ActiveCfg = Debug|Win32
		{DF8CAA9D-7154-4D5F-BCCC-0D7BB57C7354}.Debug|x86.ActiveCfg = Debug|Win32
		{DF8CAA9D-7154-4D5F-BCCC-0D7BB57C7354}.Debug|x86.Build.0 = Debug|Win32
		{DF8CAA9D-7154-4D5F-BCCC-0D7BB57C7354}.Release|Any CPU.ActiveCfg = Release|Win32
		{DF8CAA9D-7154-4D5F-BCCC-0D7BB57C7354}.Release|ARM.ActiveCfg = Release|Win32
		{DF8CAA9D-7154-4D5F-BCCC-0D7BB57C7354}.Release|iPhone.ActiveCfg = Release|Win32
		{DF8CAA9D-7154-4D5F-BCCC-0D7BB57C7354}.Release|iPhoneSimulator.ActiveCfg = Release|Win32
		{DF8CAA9D-7154-4D5F-BCCC-0D7BB57C7354}.Release|x86.ActiveCfg = Release|Win32
		{DF8CAA9D-7154-4D5F-BCCC-0D7BB57C7354}.Release|x86.Build.0 = Release|Win32
		{DF8CAA9D-7154-4D5F-BCCC-0D7BB57C7354}.Template|Any CPU.ActiveCfg = Template|Win32
		{DF8CAA9D-7154-4D5F-BCCC-0D7BB57C7354}.Template|ARM.ActiveCfg = Template|Win32
		{DF8CAA9D-7154-4D5F-BCCC-0D7BB57C7354}.Template|iPhone.ActiveCfg = Template|Win32
		{DF8CAA9D-7154-4D5F-BCCC-0D7BB57C7354}.Template|iPhoneSimulator.ActiveCfg = Template|Win32
		{DF8CAA9D-7154-4D5F-BCCC-0D7BB57C7354}.Template|x86.ActiveCfg = Template|Win32
		{DF8CAA9D-7154-4D5F-BCCC-0D7BB57C7354}.Template|x86.Build.0 = Template|Win32
		{5FA2FD4A-F9A4-41BA-9484-07C3A57A87E3}.AppStore|Any CPU.ActiveCfg = Template|Win32
		{5FA2FD4A-F9A4-41BA-9484-07C3A57A87E3}.AppStore|Any CPU.Build.0 = Template|Win32
		{5FA2FD4A-F9A4-41BA-9484-07C3A57A87E3}.AppStore|ARM.ActiveCfg = Template|Win32
		{5FA2FD4A-F9A4-41BA-9484-07C3A57A87E3}.AppStore|ARM.Build.0 = Template|Win32
		{5FA2FD4A-F9A4-41BA-9484-07C3A57A87E3}.AppStore|iPhone.ActiveCfg = Template|Win32
		{5FA2FD4A-F9A4-41BA-9484-07C3A57A87E3}.AppStore|iPhone.Build.0 = Template|Win32
		{5FA2FD4A-F9A4-41BA-9484-07C3A57A87E3}.AppStore|iPhoneSimulator.ActiveCfg = Template|Win32
		{5FA2FD4A-F9A4-41BA-9484-07C3A57A87E3}.AppStore|iPhoneSimulator.Build.0 = Template|Win32
		{5FA2FD4A-F9A4-41BA-9484-07C3A57A87E3}.AppStore|x86.ActiveCfg = Template|Win32
		{5FA2FD4A-F9A4-41BA-9484-07C3A57A87E3}.AppStore|x86.Build.0 = Template|Win32
		{5FA2FD4A-F9A4-41BA-9484-07C3A57A87E3}.Blitz2DRelease|Any CPU.ActiveCfg = Blitz2DRelease|Win32
		{5FA2FD4A-F9A4-41BA-9484-07C3A57A87E3}.Blitz2DRelease|ARM.ActiveCfg = Blitz2DRelease|Win32
		{5FA2FD4A-F9A4-41BA-9484-07C3A57A87E3}.Blitz2DRelease|iPhone.ActiveCfg = Blitz2DRelease|Win32
		{5FA2FD4A-F9A4-41BA-9484-07C3A57A87E3}.Blitz2DRelease|iPhoneSimulator.ActiveCfg = Blitz2DRelease|Win32
		{5FA2FD4A-F9A4-41BA-9484-07C3A57A87E3}.Blitz2DRelease|x86.ActiveCfg = Blitz2DRelease|Win32
		{5FA2FD4A-F9A4-41BA-9484-07C3A57A87E3}.Blitz2DRelease|x86.Build.0 = Blitz2DRelease|Win32
		{5FA2FD4A-F9A4-41BA-9484-07C3A57A87E3}.Blitz3DRelease|Any CPU.ActiveCfg = Blitz3DRelease|Win32
		{5FA2FD4A-F9A4-41BA-9484-07C3A57A87E3}.Blitz3DRelease|ARM.ActiveCfg = Blitz3DRelease|Win32
		{5FA2FD4A-F9A4-41BA-9484-07C3A57A87E3}.Blitz3DRelease|iPhone.ActiveCfg = Blitz3DRelease|Win32
		{5FA2FD4A-F9A4-41BA-9484-07C3A57A87E3}.Blitz3DRelease|iPhoneSimulator.ActiveCfg = Blitz3DRelease|Win32
		{5FA2FD4A-F9A4-41BA-9484-07C3A57A87E3}.Blitz3DRelease|x86.ActiveCfg = Blitz3DRelease|Win32
		{5FA2FD4A-F9A4-41BA-9484-07C3A57A87E3}.Blitz3DRelease|x86.Build.0 = Blitz3DRelease|Win32
		{5FA2FD4A-F9A4-41BA-9484-07C3A57A87E3}.Debug|Any CPU.ActiveCfg = Debug|Win32
		{5FA2FD4A-F9A4-41BA-9484-07C3A57A87E3}.Debug|ARM.ActiveCfg = Debug|Win32
		{5FA2FD4A-F9A4-41BA-9484-07C3A57A87E3}.Debug|iPhone.ActiveCfg = Debug|Win32
		{5FA2FD4A-F9A4-41BA-9484-07C3A57A87E3}.Debug|iPhoneSimulator.ActiveCfg = Debug|Win32
		{5FA2FD4A-F9A4-41BA-9484-07C3A57A87E3}.Debug|x86.ActiveCfg = Debug|Win32
		{5FA2FD4A-F9A4-41BA-9484-07C3A57A87E3}.Debug|x86.Build.0 = Debug|Win32
		{5FA2FD4A-F9A4-41BA-9484-07C3A57A87E3}.Release|Any CPU.ActiveCfg = Release|Win32
		{5FA2FD4A-F9A4-41BA-9484-07C3A57A87E3}.Release|ARM.ActiveCfg = Release|Win32
		{5FA2FD4A-F9A4-41BA-9484-07C3A57A87E3}.Release|iPhone.ActiveCfg = Release|Win32
		{5FA2FD4A-F9A4-41BA-9484-07C3A57A87E3}.Release|iPhoneSimulator.ActiveCfg = Release|Win32
		{5FA2FD4A-F9A4-41BA-9484-07C3A57A87E3}.Release|x86.ActiveCfg = Release|Win32
		{5FA2FD4A-F9A4-41BA-9484-07C3A57A87E3}.Release|x86.Build.0 = Release|Win32
		{5FA2FD4A-F9A4-41BA-9484-07C3A57A87E3}.Template|Any CPU.ActiveCfg = Template|Win32
		{5FA2FD4A-F9A4-41BA-9484-07C3A57A87E3}.Template|ARM.ActiveCfg = Template|Win32
		{5FA2FD4A-F9A4-41BA-9484-07C3A57A87E3}.Template|iPhone.ActiveCfg = Template|Win32
		{5FA2FD4A-F9A4-41BA-9484-07C3A57A87E3}.Template|iPhoneSimulator.ActiveCfg = Template|Win32
		{5FA2FD4A-F9A4-41BA-9484-07C3A57A87E3}.Template|x86.ActiveCfg = Template|Win32
		{5FA2FD4A-F9A4-41BA-9484-07C3A57A87E3}.Template|x86.Build.0 = Template|Win32
		{C23AF61E-9509-411F-933E-17DB18884B21}.AppStore|Any CPU.ActiveCfg = Template|Win32
		{C23AF61E-9509-411F-933E-17DB18884B21}.AppStore|Any CPU.Build.0 = Template|Win32
		{C23AF61E-9509-411F-933E-17DB18884B21}.AppStore|ARM.ActiveCfg = Template|Win32
		{C23AF61E-9509-411F-933E-17DB18884B21}.AppStore|ARM.Build.0 = Template|Win32
		{C23AF61E-9509-411F-933E-17DB18884B21}.AppStore|iPhone.ActiveCfg = Template|Win32
		{C23AF61E-9509-411F-933E-17DB18884B21}.AppStore|iPhone.Build.0 = Template|Win32
		{C23AF61E-9509-411F-933E-17DB18884B21}.AppStore|iPhoneSimulator.ActiveCfg = Template|Win32
		{C23AF61E-9509-411F-933E-17DB18884B21}.AppStore|iPhoneSimulator.Build.0 = Template|Win32
		{C23AF61E-9509-411F-933E-17DB18884B21}.AppStore|x86.ActiveCfg = Template|Win32
		{C23AF61E-9509-411F-933E-17DB18884B21}.AppStore|x86.Build.0 = Template|Win32
		{C23AF61E-9509-411F-933E-17DB18884B21}.Blitz2DRelease|Any CPU.ActiveCfg = Blitz2DRelease|Win32
		{C23AF61E-9509-411F-933E-17DB18884B21}.Blitz2DRelease|ARM.ActiveCfg = Blitz2DRelease|Win32
		{C23AF61E-9509-411F-933E-17DB18884B21}.Blitz2DRelease|iPhone.ActiveCfg = Blitz2DRelease|Win32
		{C23AF61E-9509-411F-933E-17DB18884B21}.Blitz2DRelease|iPhoneSimulator.ActiveCfg = Blitz2DRelease|Win32
		{C23AF61E-9509-411F-933E-17DB18884B21}.Blitz2DRelease|x86.ActiveCfg = Blitz2DRelease|Win32
		{C23AF61E-9509-411F-933E-17DB18884B21}.Blitz2DRelease|x86.Build.0 = Blitz2DRelease|Win32
		{C23AF61E-9509-411F-933E-17DB18884B21}.Blitz3DRelease|Any CPU.ActiveCfg = Blitz3DRelease|Win32
		{C23AF61E-9509-411F-933E-17DB18884B21}.Blitz3DRelease|ARM.ActiveCfg = Blitz3DRelease|Win32
		{C23AF61E-9509-411F-933E-17DB18884B21}.Blitz3DRelease|iPhone.ActiveCfg = Blitz3DRelease|Win32
		{C23AF61E-9509-411F-933E-17DB18884B21}.Blitz3DRelease|iPhoneSimulator.ActiveCfg = Blitz3DRelease|Win32
		{C23AF61E-9509-411F-933E-17DB18884B21}.Blitz3DRelease|x86.ActiveCfg = Blitz3DRelease|Win32
		{C23AF61E-9509-411F-933E-17DB18884B21}.Blitz3DRelease|x86.Build.0 = Blitz3DRelease|Win32
		{C23AF61E-9509-411F-933E-17DB18884B21}.Debug|Any CPU.ActiveCfg = Debug|Win32
		{C23AF61E-9509-411F-933E-17DB18884B21}.Debug|ARM.ActiveCfg = Debug|Win32
		{C23AF61E-9509-411F-933E-17DB18884B21}.Debug|iPhone.ActiveCfg = Debug|Win32
		{C23AF61E-9509-411F-933E-17DB18884B21}.Debug|iPhoneSimulator.ActiveCfg = Debug|Win32
		{C23AF61E-9509-411F-933E-17DB18884B21}.Debug|x86.ActiveCfg = Debug|Win32
		{C23AF61E-9509-411F-933E-17DB18884B21}.Debug|x86.Build.0 = Debug|Win32
		{C23AF61E-9509-411F-933E-17DB18884B21}.Release|Any CPU.ActiveCfg = Release|Win32
		{C23AF61E-9509-411F-933E-17DB18884B21}.Release|ARM.ActiveCfg = Release|Win32
		{C23AF61E-9509-411F-933E-17DB18884B21}.Release|iPhone.ActiveCfg = Release|Win32
		{C23AF61E-9509-411F-933E-17DB18884B21}.Release|iPhoneSimulator.ActiveCfg = Release|Win32
		{C23AF61E-9509-411F-933E-17DB18884B21}.Release|x86.ActiveCfg = Release|Win32
		{C23AF61E-9509-411F-933E-17DB18884B21}.Release|x86.Build.0 = Release|Win32
		{C23AF61E-9509-411F-933E-17DB18884B21}.Template|Any CPU.ActiveCfg = Template|Win32
		{C23AF61E-9509-411F-933E-17DB18884B21}.Template|ARM.ActiveCfg = Template|Win32
		{C23AF61E-9509-411F-933E-17DB18884B21}.Template|iPhone.ActiveCfg = Template|Win32
		{C23AF61E-9509-411F-933E-17DB18884B21}.Template|iPhoneSimulator.ActiveCfg = Template|Win32
		{C23AF61E-9509-411F-933E-17DB18884B21}.Template|x86.ActiveCfg = Template|Win32
		{C23AF61E-9509-411F-933E-17DB18884B21}.Template|x86.Build.0 = Template|Win32
		{BE0BA538-6215-4836-9227-1D3627E40D61}.AppStore|Any CPU.ActiveCfg = Template|Win32
		{BE0BA538-6215-4836-9227-1D3627E40D61}.AppStore|Any CPU.Build.0 = Template|Win32
		{BE0BA538-6215-4836-9227-1D3627E40D61}.AppStore|ARM.ActiveCfg = Template|Win32
		{BE0BA538-6215-4836-9227-1D3627E40D61}.AppStore|ARM.Build.0 = Template|Win32
		{BE0BA538-6215-4836-9227-1D3627E40D61}.AppStore|iPhone.ActiveCfg = Template|Win32
		{BE0BA538-6215-4836-9227-1D3627E40D61}.AppStore|iPhone.Build.0 = Template|Win32
		{BE0BA538-6215-4836-9227-1D3627E40D61}.AppStore|iPhoneSimulator.ActiveCfg = Template|Win32
		{BE0BA538-6215-4836-9227-1D3627E40D61}.AppStore|iPhoneSimulator.Build.0 = Template|Win32
		{BE0BA538-6215-4836-9227-1D3627E40D61}.AppStore|x86.ActiveCfg = Template|Win32
		{BE0BA538-6215-4836-9227-1D3627E40D61}.AppStore|x86.Build.0 = Template|Win32
		{BE0BA538-6215-4836-9227-1D3627E40D61}.Blitz2DRelease|Any CPU.ActiveCfg = Blitz2DRelease|Win32
		{BE0BA538-6215-4836-9227-1D3627E40D61}.Blitz2DRelease|ARM.ActiveCfg = Blitz2DRelease|Win32
		{BE0BA538-6215-4836-9227-1D3627E40D61}.Blitz2DRelease|iPhone.ActiveCfg = Blitz2DRelease|Win32
		{BE0BA538-6215-4836-9227-1D3627E40D61}.Blitz2DRelease|iPhoneSimulator.ActiveCfg = Blitz2DRelease|Win32
		{BE0BA538-6215-4836-9227-1D3627E40D61}.Blitz2DRelease|x86.ActiveCfg = Blitz2DRelease|Win32
		{BE0BA538-6215-4836-9227-1D3627E40D61}.Blitz2DRelease|x86.Build.0 = Blitz2DRelease|Win32
		{BE0BA538-6215-4836-9227-1D3627E40D61}.Blitz3DRelease|Any CPU.ActiveCfg = Blitz3DRelease|Win32
		{BE0BA538-6215-4836-9227-1D3627E40D61}.Blitz3DRelease|ARM.ActiveCfg = Blitz3DRelease|Win32
		{BE0BA538-6215-4836-9227-1D3627E40D61}.Blitz3DRelease|iPhone.ActiveCfg = Blitz3DRelease|Win32
		{BE0BA538-6215-4836-9227-1D3627E40D61}.Blitz3DRelease|iPhoneSimulator.ActiveCfg = Blitz3DRelease|Win32
		{BE0BA538-6215-4836-9227-1D3627E40D61}.Blitz3DRelease|x86.ActiveCfg = Blitz3DRelease|Win32
		{BE0BA538-6215-4836-9227-1D3627E40D61}.Blitz3DRelease|x86.Build.0 = Blitz3DRelease|Win32
		{BE0BA538-6215-4836-9227-1D3627E40D61}.Debug|Any CPU.ActiveCfg = Debug|Win32
		{BE0BA538-6215-4836-9227-1D3627E40D61}.Debug|ARM.ActiveCfg = Debug|Win32
		{BE0BA538-6215-4836-9227-1D3627E40D61}.Debug|iPhone.ActiveCfg = Debug|Win32
		{BE0BA538-6215-4836-9227-1D3627E40D61}.Debug|iPhoneSimulator.ActiveCfg = Debug|Win32
		{BE0BA538-6215-4836-9227-1D3627E40D61}.Debug|x86.ActiveCfg = Debug|Win32
		{BE0BA538-6215-4836-9227-1D3627E40D61}.Debug|x86.Build.0 = Debug|Win32
		{BE0BA538-6215-4836-9227-1D3627E40D61}.Release|Any CPU.ActiveCfg = Release|Win32
		{BE0BA538-6215-4836-9227-1D3627E40D61}.Release|ARM.ActiveCfg = Release|Win32
		{BE0BA538-6215-4836-9227-1D3627E40D61}.Release|iPhone.ActiveCfg = Release|Win32
		{BE0BA538-6215-4836-9227-1D3627E40D61}.Release|iPhoneSimulator.ActiveCfg = Release|Win32
		{BE0BA538-6215-4836-9227-1D3627E40D61}.Release|x86.ActiveCfg = Release|Win32
		{BE0BA538-6215-4836-9227-1D3627E40D61}.Release|x86.Build.0 = Release|Win32
		{BE0BA538-6215-4836-9227-1D3627E40D61}.Template|Any CPU.ActiveCfg = Template|Win32
		{BE0BA538-6215-4836-9227-1D3627E40D61}.Template|ARM.ActiveCfg = Template|Win32
		{BE0BA538-6215-4836-9227-1D3627E40D61}.Template|iPhone.ActiveCfg = Template|Win32
		{BE0BA538-6215-4836-9227-1D3627E40D61}.Template|iPhoneSimulator.ActiveCfg = Template|Win32
		{BE0BA538-6215-4836-9227-1D3627E40D61}.Template|x86.ActiveCfg = Template|Win32
		{BE0BA538-6215-4836-9227-1D3627E40D61}.Template|x86.Build.0 = Template|Win32
		{B61D8348-B715-42B8-A759-C7BBB0C8CD4D}.AppStore|Any CPU.ActiveCfg = Template|Win32
		{B61D8348-B715-42B8-A759-C7BBB0C8CD4D}.AppStore|Any CPU.Build.0 = Template|Win32
		{B61D8348-B715-42B8-A759-C7BBB0C8CD4D}.AppStore|ARM.ActiveCfg = Template|Win32
		{B61D8348-B715-42B8-A759-C7BBB0C8CD4D}.AppStore|ARM.Build.0 = Template|Win32
		{B61D8348-B715-42B8-A759-C7BBB0C8CD4D}.AppStore|iPhone.ActiveCfg = Template|Win32
		{B61D8348-B715-42B8-A759-C7BBB0C8CD4D}.AppStore|iPhone.Build.0 = Template|Win32
		{B61D8348-B715-42B8-A759-C7BBB0C8CD4D}.AppStore|iPhoneSimulator.ActiveCfg = Template|Win32
		{B61D8348-B715-42B8-A759-C7BBB0C8CD4D}.AppStore|iPhoneSimulator.Build.0 = Template|Win32
		{B61D8348-B715-42B8-A759-C7BBB0C8CD4D}.AppStore|x86.ActiveCfg = Template|Win32
		{B61D8348-B715-42B8-A759-C7BBB0C8CD4D}.AppStore|x86.Build.0 = Template|Win32
		{B61D8348-B715-42B8-A759-C7BBB0C8CD4D}.Blitz2DRelease|Any CPU.ActiveCfg = Blitz2DRelease|Win32
		{B61D8348-B715-42B8-A759-C7BBB0C8CD4D}.Blitz2DRelease|ARM.ActiveCfg = Blitz2DRelease|Win32
		{B61D8348-B715-42B8-A759-C7BBB0C8CD4D}.Blitz2DRelease|iPhone.ActiveCfg = Blitz2DRelease|Win32
		{B61D8348-B715-42B8-A759-C7BBB0C8CD4D}.Blitz2DRelease|iPhoneSimulator.ActiveCfg = Blitz2DRelease|Win32
		{B61D8348-B715-42B8-A759-C7BBB0C8CD4D}.Blitz2DRelease|x86.ActiveCfg = Blitz2DRelease|Win32
		{B61D8348-B715-42B8-A759-C7BBB0C8CD4D}.Blitz2DRelease|x86.Build.0 = Blitz2DRelease|Win32
		{B61D8348-B715-42B8-A759-C7BBB0C8CD4D}.Blitz3DRelease|Any CPU.ActiveCfg = Blitz3DRelease|Win32
		{B61D8348-B715-42B8-A759-C7BBB0C8CD4D}.Blitz3DRelease|ARM.ActiveCfg = Blitz3DRelease|Win32
		{B61D8348-B715-42B8-A759-C7BBB0C8CD4D}.Blitz3DRelease|iPhone.ActiveCfg = Blitz3DRelease|Win32
		{B61D8348-B715-42B8-A759-C7BBB0C8CD4D}.Blitz3DRelease|iPhoneSimulator.ActiveCfg = Blitz3DRelease|Win32
		{B61D8348-B715-42B8-A759-C7BBB0C8CD4D}.Blitz3DRelease|x86.ActiveCfg = Blitz3DRelease|Win32
		{B61D8348-B715-42B8-A759-C7BBB0C8CD4D}.Blitz3DRelease|x86.Build.0 = Blitz3DRelease|Win32
		{B61D8348-B715-42B8-A759-C7BBB0C8CD4D}.Debug|Any CPU.ActiveCfg = Debug|Win32
		{B61D8348-B715-42B8-A759-C7BBB0C8CD4D}.Debug|ARM.ActiveCfg = Debug|Win32
		{B61D8348-B715-42B8-A759-C7BBB0C8CD4D}.Debug|iPhone.ActiveCfg = Debug|Win32
		{B61D8348-B715-42B8-A759-C7BBB0C8CD4D}.Debug|iPhoneSimulator.ActiveCfg = Debug|Win32
		{B61D8348-B715-42B8-A759-C7BBB0C8CD4D}.Debug|x86.ActiveCfg = Debug|Win32
		{B61D8348-B715-42B8-A759-C7BBB0C8CD4D}.Debug|x86.Build.0 = Debug|Win32
		{B61D8348-B715-42B8-A759-C7BBB0C8CD4D}.Release|Any CPU.ActiveCfg = Release|Win32
		{B61D8348-B715-42B8-A759-C7BBB0C8CD4D}.Release|ARM.ActiveCfg = Release|Win32
		{B61D8348-B715-42B8-A759-C7BBB0C8CD4D}.Release|iPhone.ActiveCfg = Release|Win32
		{B61D8348-B715-42B8-A759-C7BBB0C8CD4D}.Release|iPhoneSimulator.ActiveCfg = Release|Win32
		{B61D8348-B715-42B8-A759-C7BBB0C8CD4D}.Release|x86.ActiveCfg = Release|Win32
		{B61D8348-B715-42B8-A759-C7BBB0C8CD4D}.Release|x86.Build.0 = Release|Win32
		{B61D8348-B715-42B8-A759-C7BBB0C8CD4D}.Template|Any CPU.ActiveCfg = Template|Win32
		{B61D8348-B715-42B8-A759-C7BBB0C8CD4D}.Template|ARM.ActiveCfg = Template|Win32
		{B61D8348-B715-42B8-A759-C7BBB0C8CD4D}.Template|iPhone.ActiveCfg = Template|Win32
		{B61D8348-B715-42B8-A759-C7BBB0C8CD4D}.Template|iPhoneSimulator.ActiveCfg = Template|Win32
		{B61D8348-B715-42B8-A759-C7BBB0C8CD4D}.Template|x86.ActiveCfg = Template|Win32
		{B61D8348-B715-42B8-A759-C7BBB0C8CD4D}.Template|x86.Build.0 = Template|Win32
		{D884A075-E3B8-44E1-838D-74F28B33391B}.AppStore|Any CPU.ActiveCfg = Template|Win32
		{D884A075-E3B8-44E1-838D-74F28B33391B}.AppStore|Any CPU.Build.0 = Template|Win32
		{D884A075-E3B8-44E1-838D-74F28B33391B}.AppStore|ARM.ActiveCfg = Template|Win32
		{D884A075-E3B8-44E1-838D-74F28B33391B}.AppStore|ARM.Build.0 = Template|Win32
		{D884A075-E3B8-44E1-838D-74F28B33391B}.AppStore|iPhone.ActiveCfg = Template|Win32
		{D884A075-E3B8-44E1-838D-74F28B33391B}.AppStore|iPhone.Build.0 = Template|Win32
		{D884A075-E3B8-44E1-838D-74F28B33391B}.AppStore|iPhoneSimulator.ActiveCfg = Template|Win32
		{D884A075-E3B8-44E1-838D-74F28B33391B}.AppStore|iPhoneSimulator.Build.0 = Template|Win32
		{D884A075-E3B8-44E1-838D-74F28B33391B}.AppStore|x86.ActiveCfg = Template|Win32
		{D884A075-E3B8-44E1-838D-74F28B33391B}.AppStore|x86.Build.0 = Template|Win32
		{D884A075-E3B8-44E1-838D-74F28B33391B}.Blitz2DRelease|Any CPU.ActiveCfg = Blitz2DRelease|Win32
		{D884A075-E3B8-44E1-838D-74F28B33391B}.Blitz2DRelease|ARM.ActiveCfg = Blitz2DRelease|Win32
		{D884A075-E3B8-44E1-838D-74F28B33391B}.Blitz2DRelease|iPhone.ActiveCfg = Blitz2DRelease|Win32
		{D884A075-E3B8-44E1-838D-74F28B33391B}.Blitz2DRelease|iPhoneSimulator.ActiveCfg = Blitz2DRelease|Win32
		{D884A075-E3B8-44E1-838D-74F28B33391B}.Blitz2DRelease|x86.ActiveCfg = Blitz2DRelease|Win32
		{D884A075-E3B8-44E1-838D-74F28B33391B}.Blitz2DRelease|x86.Build.0 = Blitz2DRelease|Win32
		{D884A075-E3B8-44E1-838D-74F28B33391B}.Blitz3DRelease|Any CPU.ActiveCfg = Blitz3DRelease|Win32
		{D884A075-E3B8-44E1-838D-74F28B33391B}.Blitz3DRelease|ARM.ActiveCfg = Blitz3DRelease|Win32
		{D884A075-E3B8-44E1-838D-74F28B33391B}.Blitz3DRelease|iPhone.ActiveCfg = Blitz3DRelease|Win32
		{D884A075-E3B8-44E1-838D-74F28B33391B}.Blitz3DRelease|iPhoneSimulator.ActiveCfg = Blitz3DRelease|Win32
		{D884A075-E3B8-44E1-838D-74F28B33391B}.Blitz3DRelease|x86.ActiveCfg = Blitz3DRelease|Win32
		{D884A075-E3B8-44E1-838D-74F28B33391B}.Blitz3DRelease|x86.Build.0 = Blitz3DRelease|Win32
		{D884A075-E3B8-44E1-838D-74F28B33391B}.Debug|Any CPU.ActiveCfg = Debug|Win32
		{D884A075-E3B8-44E1-838D-74F28B33391B}.Debug|ARM.ActiveCfg = Debug|Win32
		{D884A075-E3B8-44E1-838D-74F28B33391B}.Debug|iPhone.ActiveCfg = Debug|Win32
		{D884A075-E3B8-44E1-838D-74F28B33391B}.Debug|iPhoneSimulator.ActiveCfg = Debug|Win32
		{D884A075-E3B8-44E1-838D-74F28B33391B}.Debug|x86.ActiveCfg = Debug|Win32
		{D884A075-E3B8-44E1-838D-74F28B33391B}.Debug|x86.Build.0 = Debug|Win32
		{D884A075-E3B8-44E1-838D-74F28B33391B}.Release|Any CPU.ActiveCfg = Release|Win32
		{D884A075-E3B8-44E1-838D-74F28B33391B}.Release|ARM.ActiveCfg = Release|Win32
		{D884A075-E3B8-44E1-838D-74F28B33391B}.Release|iPhone.ActiveCfg = Release|Win32
		{D884A075-E3B8-44E1-838D-74F28B33391B}.Release|iPhoneSimulator.ActiveCfg = Release|Win32
		{D884A075-E3B8-44E1-838D-74F28B33391B}.Release|x86.ActiveCfg = Release|Win32
		{D884A075-E3B8-44E1-838D-74F28B33391B}.Release|x86.Build.0 = Release|Win32
		{D884A075-E3B8-44E1-838D-74F28B33391B}.Template|Any CPU.ActiveCfg = Template|Win32
		{D884A075-E3B8-44E1-838D-74F28B33391B}.Template|ARM.ActiveCfg = Template|Win32
		{D884A075-E3B8-44E1-838D-74F28B33391B}.Template|iPhone.ActiveCfg = Template|Win32
		{D884A075-E3B8-44E1-838D-74F28B33391B}.Template|iPhoneSimulator.ActiveCfg = Template|Win32
		{D884A075-E3B8-44E1-838D-74F28B33391B}.Template|x86.ActiveCfg = Template|Win32
		{D884A075-E3B8-44E1-838D-74F28B33391B}.Template|x86.Build.0 = Template|Win32
		{3E355353-96D8-4AAF-BF95-8E6CA0D4B1BA}.AppStore|Any CPU.ActiveCfg = Template|Win32
		{3E355353-96D8-4AAF-BF95-8E6CA0D4B1BA}.AppStore|Any CPU.Build.0 = Template|Win32
		{3E355353-96D8-4AAF-BF95-8E6CA0D4B1BA}.AppStore|ARM.ActiveCfg = Template|Win32
		{3E355353-96D8-4AAF-BF95-8E6CA0D4B1BA}.AppStore|ARM.Build.0 = Template|Win32
		{3E355353-96D8-4AAF-BF95-8E6CA0D4B1BA}.AppStore|iPhone.ActiveCfg = Template|Win32
		{3E355353-96D8-4AAF-BF95-8E6CA0D4B1BA}.AppStore|iPhone.Build.0 = Template|Win32
		{3E355353-96D8-4AAF-BF95-8E6CA0D4B1BA}.AppStore|iPhoneSimulator.ActiveCfg = Template|Win32
		{3E355353-96D8-4AAF-BF95-8E6CA0D4B1BA}.AppStore|iPhoneSimulator.Build.0 = Template|Win32
		{3E355353-96D8-4AAF-BF95-8E6CA0D4B1BA}.AppStore|x86.ActiveCfg = Template|Win32
		{3E355353-96D8-4AAF-BF95-8E6CA0D4B1BA}.AppStore|x86.Build.0 = Template|Win32
		{3E355353-96D8-4AAF-BF95-8E6CA0D4B1BA}.Blitz2DRelease|Any CPU.ActiveCfg = Blitz2DRelease|Win32
		{3E355353-96D8-4AAF-BF95-8E6CA0D4B1BA}.Blitz2DRelease|ARM.ActiveCfg = Blitz2DRelease|Win32
		{3E355353-96D8-4AAF-BF95-8E6CA0D4B1BA}.Blitz2DRelease|iPhone.ActiveCfg = Blitz2DRelease|Win32
		{3E355353-96D8-4AAF-BF95-8E6CA0D4B1BA}.Blitz2DRelease|iPhoneSimulator.ActiveCfg = Blitz2DRelease|Win32
		{3E355353-96D8-4AAF-BF95-8E6CA0D4B1BA}.Blitz2DRelease|x86.ActiveCfg = Blitz2DRelease|Win32
		{3E355353-96D8-4AAF-BF95-8E6CA0D4B1BA}.Blitz2DRelease|x86.Build.0 = Blitz2DRelease|Win32
		{3E355353-96D8-4AAF-BF95-8E6CA0D4B1BA}.Blitz3DRelease|Any CPU.ActiveCfg = Blitz3DRelease|Win32
		{3E355353-96D8-4AAF-BF95-8E6CA0D4B1BA}.Blitz3DRelease|ARM.ActiveCfg = Blitz3DRelease|Win32
		{3E355353-96D8-4AAF-BF95-8E6CA0D4B1BA}.Blitz3DRelease|iPhone.ActiveCfg = Blitz3DRelease|Win32
		{3E355353-96D8-4AAF-BF95-8E6CA0D4B1BA}.Blitz3DRelease|iPhoneSimulator.ActiveCfg = Blitz3DRelease|Win32
		{3E355353-96D8-4AAF-BF95-8E6CA0D4B1BA}.Blitz3DRelease|x86.ActiveCfg = Blitz3DRelease|Win32
		{3E355353-96D8-4AAF-BF95-8E6CA0D4B1BA}.Blitz3DRelease|x86.Build.0 = Blitz3DRelease|Win32
		{3E355353-96D8-4AAF-BF95-8E6CA0D4B1BA}.Debug|Any CPU.ActiveCfg = Debug|Win32
		{3E355353-96D8-4AAF-BF95-8E6CA0D4B1BA}.Debug|ARM.ActiveCfg = Debug|Win32
		{3E355353-96D8-4AAF-BF95-8E6CA0D4B1BA}.Debug|iPhone.ActiveCfg = Debug|Win32
		{3E355353-96D8-4AAF-BF95-8E6CA0D4B1BA}.Debug|iPhoneSimulator.ActiveCfg = Debug|Win32
		{3E355353-96D8-4AAF-BF95-8E6CA0D4B1BA}.Debug|x86.ActiveCfg = Debug|Win32
		{3E355353-96D8-4AAF-BF95-8E6CA0D4B1BA}.Debug|x86.Build.0 = Debug|Win32
		{3E355353-96D8-4AAF-BF95-8E6CA0D4B1BA}.Release|Any CPU.ActiveCfg = Release|Win32
		{3E355353-96D8-4AAF-BF95-8E6CA0D4B1BA}.Release|ARM.ActiveCfg = Release|Win32
		{3E355353-96D8-4AAF-BF95-8E6CA0D4B1BA}.Release|iPhone.ActiveCfg = Release|Win32
		{3E355353-96D8-4AAF-BF95-8E6CA0D4B1BA}.Release|iPhoneSimulator.ActiveCfg = Release|Win32
		{3E355353-96D8-4AAF-BF95-8E6CA0D4B1BA}.Release|x86.ActiveCfg = Release|Win32
		{3E355353-96D8-4AAF-BF95-8E6CA0D4B1BA}.Release|x86.Build.0 = Release|Win32
		{3E355353-96D8-4AAF-BF95-8E6CA0D4B1BA}.Template|Any CPU.ActiveCfg = Template|Win32
		{3E355353-96D8-4AAF-BF95-8E6CA0D4B1BA}.Template|ARM.ActiveCfg = Template|Win32
		{3E355353-96D8-4AAF-BF95-8E6CA0D4B1BA}.Template|iPhone.ActiveCfg = Template|Win32
		{3E355353-96D8-4AAF-BF95-8E6CA0D4B1BA}.Template|iPhoneSimulator.ActiveCfg = Template|Win32
		{3E355353-96D8-4AAF-BF95-8E6CA0D4B1BA}.Template|x86.ActiveCfg = Template|Win32
		{3E355353-96D8-4AAF-BF95-8E6CA0D4B1BA}.Template|x86.Build.0 = Template|Win32
		{4132C330-95D9-4F68-A51A-3B90381587C5}.AppStore|Any CPU.ActiveCfg = Template|Win32
		{4132C330-95D9-4F68-A51A-3B90381587C5}.AppStore|Any CPU.Build.0 = Template|Win32
		{4132C330-95D9-4F68-A51A-3B90381587C5}.AppStore|ARM.ActiveCfg = Template|Win32
		{4132C330-95D9-4F68-A51A-3B90381587C5}.AppStore|ARM.Build.0 = Template|Win32
		{4132C330-95D9-4F68-A51A-3B90381587C5}.AppStore|iPhone.ActiveCfg = Template|Win32
		{4132C330-95D9-4F68-A51A-3B90381587C5}.AppStore|iPhone.Build.0 = Template|Win32
		{4132C330-95D9-4F68-A51A-3B90381587C5}.AppStore|iPhoneSimulator.ActiveCfg = Template|Win32
		{4132C330-95D9-4F68-A51A-3B90381587C5}.AppStore|iPhoneSimulator.Build.0 = Template|Win32
		{4132C330-95D9-4F68-A51A-3B90381587C5}.AppStore|x86.ActiveCfg = Template|Win32
		{4132C330-95D9-4F68-A51A-3B90381587C5}.AppStore|x86.Build.0 = Template|Win32
		{4132C330-95D9-4F68-A51A-3B90381587C5}.Blitz2DRelease|Any CPU.ActiveCfg = Blitz2DRelease|Win32
		{4132C330-95D9-4F68-A51A-3B90381587C5}.Blitz2DRelease|ARM.ActiveCfg = Blitz2DRelease|Win32
		{4132C330-95D9-4F68-A51A-3B90381587C5}.Blitz2DRelease|iPhone.ActiveCfg = Blitz2DRelease|Win32
		{4132C330-95D9-4F68-A51A-3B90381587C5}.Blitz2DRelease|iPhoneSimulator.ActiveCfg = Blitz2DRelease|Win32
		{4132C330-95D9-4F68-A51A-3B90381587C5}.Blitz2DRelease|x86.ActiveCfg = Blitz2DRelease|Win32
		{4132C330-95D9-4F68-A51A-3B90381587C5}.Blitz2DRelease|x86.Build.0 = Blitz2DRelease|Win32
		{4132C330-95D9-4F68-A51A-3B90381587C5}.Blitz3DRelease|Any CPU.ActiveCfg = Blitz3DRelease|Win32
		{4132C330-95D9-4F68-A51A-3B90381587C5}.Blitz3DRelease|ARM.ActiveCfg = Blitz3DRelease|Win32
		{4132C330-95D9-4F68-A51A-3B90381587C5}.Blitz3DRelease|iPhone.ActiveCfg = Blitz3DRelease|Win32
		{4132C330-95D9-4F68-A51A-3B90381587C5}.Blitz3DRelease|iPhoneSimulator.ActiveCfg = Blitz3DRelease|Win32
		{4132C330-95D9-4F68-A51A-3B90381587C5}.Blitz3DRelease|x86.ActiveCfg = Blitz3DRelease|Win32
		{4132C330-95D9-4F68-A51A-3B90381587C5}.Blitz3DRelease|x86.Build.0 = Blitz3DRelease|Win32
		{4132C330-95D9-4F68-A51A-3B90381587C5}.Debug|Any CPU.ActiveCfg = Debug|Win32
		{4132C330-95D9-4F68-A51A-3B90381587C5}.Debug|ARM.ActiveCfg = Debug|Win32
		{4132C330-95D9-4F68-A51A-3B90381587C5}.Debug|iPhone.ActiveCfg = Debug|Win32
		{4132C330-95D9-4F68-A51A-3B90381587C5}.Debug|iPhoneSimulator.ActiveCfg = Debug|Win32
		{4132C330-95D9-4F68-A51A-3B90381587C5}.Debug|x86.ActiveCfg = Debug|Win32
		{4132C330-95D9-4F68-A51A-3B90381587C5}.Debug|x86.Build.0 = Debug|Win32
		{4132C330-95D9-4F68-A51A-3B90381587C5}.Release|Any CPU.ActiveCfg = Release|Win32
		{4132C330-95D9-4F68-A51A-3B90381587C5}.Release|ARM.ActiveCfg = Release|Win32
		{4132C330-95D9-4F68-A51A-3B90381587C5}.Release|iPhone.ActiveCfg = Release|Win32
		{4132C330-95D9-4F68-A51A-3B90381587C5}.Release|iPhoneSimulator.ActiveCfg = Release|Win32
		{4132C330-95D9-4F68-A51A-3B90381587C5}.Release|x86.ActiveCfg = Release|Win32
		{4132C330-95D9-4F68-A51A-3B90381587C5}.Release|x86.Build.0 = Release|Win32
		{4132C330-95D9-4F68-A51A-3B90381587C5}.Template|Any CPU.ActiveCfg = Template|Win32
		{4132C330-95D9-4F68-A51A-3B90381587C5}.Template|ARM.ActiveCfg = Template|Win32
		{4132C330-95D9-4F68-A51A-3B90381587C5}.Template|iPhone.ActiveCfg = Template|Win32
		{4132C330-95D9-4F68-A51A-3B90381587C5}.Template|iPhoneSimulator.ActiveCfg = Template|Win32
		{4132C330-95D9-4F68-A51A-3B90381587C5}.Template|x86.ActiveCfg = Template|Win32
		{4132C330-95D9-4F68-A51A-3B90381587C5}.Template|x86.Build.0 = Template|Win32
		{FF2D8BF7-1930-4CAB-BC48-05CD33B7DC18}.AppStore|Any CPU.ActiveCfg = Template|Win32
		{FF2D8BF7-1930-4CAB-BC48-05CD33B7DC18}.AppStore|Any CPU.Build.0 = Template|Win32
		{FF2D8BF7-1930-4CAB-BC48-05CD33B7DC18}.AppStore|ARM.ActiveCfg = Template|Win32
		{FF2D8BF7-1930-4CAB-BC48-05CD33B7DC18}.AppStore|ARM.Build.0 = Template|Win32
		{FF2D8BF7-1930-4CAB-BC48-05CD33B7DC18}.AppStore|iPhone.ActiveCfg = Template|Win32
		{FF2D8BF7-1930-4CAB-BC48-05CD33B7DC18}.AppStore|iPhone.Build.0 = Template|Win32
		{FF2D8BF7-1930-4CAB-BC48-05CD33B7DC18}.AppStore|iPhoneSimulator.ActiveCfg = Template|Win32
		{FF2D8BF7-1930-4CAB-BC48-05CD33B7DC18}.AppStore|iPhoneSimulator.Build.0 = Template|Win32
		{FF2D8BF7-1930-4CAB-BC48-05CD33B7DC18}.AppStore|x86.ActiveCfg = Template|Win32
		{FF2D8BF7-1930-4CAB-BC48-05CD33B7DC18}.AppStore|x86.Build.0 = Template|Win32
		{FF2D8BF7-1930-4CAB-BC48-05CD33B7DC18}.Blitz2DRelease|Any CPU.ActiveCfg = Blitz2DRelease|Win32
		{FF2D8BF7-1930-4CAB-BC48-05CD33B7DC18}.Blitz2DRelease|ARM.ActiveCfg = Blitz2DRelease|Win32
		{FF2D8BF7-1930-4CAB-BC48-05CD33B7DC18}.Blitz2DRelease|iPhone.ActiveCfg = Blitz2DRelease|Win32
		{FF2D8BF7-1930-4CAB-BC48-05CD33B7DC18}.Blitz2DRelease|iPhoneSimulator.ActiveCfg = Blitz2DRelease|Win32
		{FF2D8BF7-1930-4CAB-BC48-05CD33B7DC18}.Blitz2DRelease|x86.ActiveCfg = Blitz2DRelease|Win32
		{FF2D8BF7-1930-4CAB-BC48-05CD33B7DC18}.Blitz2DRelease|x86.Build.0 = Blitz2DRelease|Win32
		{FF2D8BF7-1930-4CAB-BC48-05CD33B7DC18}.Blitz3DRelease|Any CPU.ActiveCfg = Blitz3DRelease|Win32
		{FF2D8BF7-1930-4CAB-BC48-05CD33B7DC18}.Blitz3DRelease|ARM.ActiveCfg = Blitz3DRelease|Win32
		{FF2D8BF7-1930-4CAB-BC48-05CD33B7DC18}.Blitz3DRelease|iPhone.ActiveCfg = Blitz3DRelease|Win32
		{FF2D8BF7-1930-4CAB-BC48-05CD33B7DC18}.Blitz3DRelease|iPhoneSimulator.ActiveCfg = Blitz3DRelease|Win32
		{FF2D8BF7-1930-4CAB-BC48-05CD33B7DC18}.Blitz3DRelease|x86.ActiveCfg = Blitz3DRelease|Win32
		{FF2D8BF7-1930-4CAB-BC48-05CD33B7DC18}.Blitz3DRelease|x86.Build.0 = Blitz3DRelease|Win32
		{FF2D8BF7-1930-4CAB-BC48-05CD33B7DC18}.Debug|Any CPU.ActiveCfg = Debug|Win32
		{FF2D8BF7-1930-4CAB-BC48-05CD33B7DC18}.Debug|ARM.ActiveCfg = Debug|Win32
		{FF2D8BF7-1930-4CAB-BC48-05CD33B7DC18}.Debug|iPhone.ActiveCfg = Debug|Win32
		{FF2D8BF7-1930-4CAB-BC48-05CD33B7DC18}.Debug|iPhoneSimulator.ActiveCfg = Debug|Win32
		{FF2D8BF7-1930-4CAB-BC48-05CD33B7DC18}.Debug|x86.ActiveCfg = Debug|Win32
		{FF2D8BF7-1930-4CAB-BC48-05CD33B7DC18}.Debug|x86.Build.0 = Debug|Win32
		{FF2D8BF7-1930-4CAB-BC48-05CD33B7DC18}.Release|Any CPU.ActiveCfg = Release|Win32
		{FF2D8BF7-1930-4CAB-BC48-05CD33B7DC18}.Release|ARM.ActiveCfg = Release|Win32
		{FF2D8BF7-1930-4CAB-BC48-05CD33B7DC18}.Release|iPhone.ActiveCfg = Release|Win32
		{FF2D8BF7-1930-4CAB-BC48-05CD33B7DC18}.Release|iPhoneSimulator.ActiveCfg = Release|Win32
		{FF2D8BF7-1930-4CAB-BC48-05CD33B7DC18}.Release|x86.ActiveCfg = Release|Win32
		{FF2D8BF7-1930-4CAB-BC48-05CD33B7DC18}.Release|x86.Build.0 = Release|Win32
		{FF2D8BF7-1930-4CAB-BC48-05CD33B7DC18}.Template|Any CPU.ActiveCfg = Template|Win32
		{FF2D8BF7-1930-4CAB-BC48-05CD33B7DC18}.Template|ARM.ActiveCfg = Template|Win32
		{FF2D8BF7-1930-4CAB-BC48-05CD33B7DC18}.Template|iPhone.ActiveCfg = Template|Win32
		{FF2D8BF7-1930-4CAB-BC48-05CD33B7DC18}.Template|iPhoneSimulator.ActiveCfg = Template|Win32
		{FF2D8BF7-1930-4CAB-BC48-05CD33B7DC18}.Template|x86.ActiveCfg = Template|Win32
		{FF2D8BF7-1930-4CAB-BC48-05CD33B7DC18}.Template|x86.Build.0 = Template|Win32
		{0B629BA3-D138-407A-801D-DBE7C8DC4324}.AppStore|Any CPU.ActiveCfg = Template|Win32
		{0B629BA3-D138-407A-801D-DBE7C8DC4324}.AppStore|Any CPU.Build.0 = Template|Win32
		{0B629BA3-D138-407A-801D-DBE7C8DC4324}.AppStore|ARM.ActiveCfg = Template|Win32
		{0B629BA3-D138-407A-801D-DBE7C8DC4324}.AppStore|ARM.Build.0 = Template|Win32
		{0B629BA3-D138-407A-801D-DBE7C8DC4324}.AppStore|iPhone.ActiveCfg = Template|Win32
		{0B629BA3-D138-407A-801D-DBE7C8DC4324}.AppStore|iPhone.Build.0 = Template|Win32
		{0B629BA3-D138-407A-801D-DBE7C8DC4324}.AppStore|iPhoneSimulator.ActiveCfg = Template|Win32
		{0B629BA3-D138-407A-801D-DBE7C8DC4324}.AppStore|iPhoneSimulator.Build.0 = Template|Win32
		{0B629BA3-D138-407A-801D-DBE7C8DC4324}.AppStore|x86.ActiveCfg = Template|Win32
		{0B629BA3-D138-407A-801D-DBE7C8DC4324}.AppStore|x86.Build.0 = Template|Win32
		{0B629BA3-D138-407A-801D-DBE7C8DC4324}.Blitz2DRelease|Any CPU.ActiveCfg = Blitz2DRelease|Win32
		{0B629BA3-D138-407A-801D-DBE7C8DC4324}.Blitz2DRelease|ARM.ActiveCfg = Blitz2DRelease|Win32
		{0B629BA3-D138-407A-801D-DBE7C8DC4324}.Blitz2DRelease|iPhone.ActiveCfg = Blitz2DRelease|Win32
		{0B629BA3-D138-407A-801D-DBE7C8DC4324}.Blitz2DRelease|iPhoneSimulator.ActiveCfg = Blitz2DRelease|Win32
		{0B629BA3-D138-407A-801D-DBE7C8DC4324}.Blitz2DRelease|x86.ActiveCfg = Blitz2DRelease|Win32
		{0B629BA3-D138-407A-801D-DBE7C8DC4324}.Blitz2DRelease|x86.Build.0 = Blitz2DRelease|Win32
		{0B629BA3-D138-407A-801D-DBE7C8DC4324}.Blitz3DRelease|Any CPU.ActiveCfg = Blitz3DRelease|Win32
		{0B629BA3-D138-407A-801D-DBE7C8DC4324}.Blitz3DRelease|ARM.ActiveCfg = Blitz3DRelease|Win32
		{0B629BA3-D138-407A-801D-DBE7C8DC4324}.Blitz3DRelease|iPhone.ActiveCfg = Blitz3DRelease|Win32
		{0B629BA3-D138-407A-801D-DBE7C8DC4324}.Blitz3DRelease|iPhoneSimulator.ActiveCfg = Blitz3DRelease|Win32
		{0B629BA3-D138-407A-801D-DBE7C8DC4324}.Blitz3DRelease|x86.ActiveCfg = Blitz3DRelease|Win32
		{0B629BA3-D138-407A-801D-DBE7C8DC4324}.Blitz3DRelease|x86.Build.0 = Blitz3DRelease|Win32
		{0B629BA3-D138-407A-801D-DBE7C8DC4324}.Debug|Any CPU.ActiveCfg = Debug|Win32
		{0B629BA3-D138-407A-801D-DBE7C8DC4324}.Debug|ARM.ActiveCfg = Debug|Win32
		{0B629BA3-D138-407A-801D-DBE7C8DC4324}.Debug|iPhone.ActiveCfg = Debug|Win32
		{0B629BA3-D138-407A-801D-DBE7C8DC4324}.Debug|iPhoneSimulator.ActiveCfg = Debug|Win32
		{0B629BA3-D138-407A-801D-DBE7C8DC4324}.Debug|x86.ActiveCfg = Debug|Win32
		{0B629BA3-D138-407A-801D-DBE7C8DC4324}.Debug|x86.Build.0 = Debug|Win32
		{0B629BA3-D138-407A-801D-DBE7C8DC4324}.Release|Any CPU.ActiveCfg = Release|Win32
		{0B629BA3-D138-407A-801D-DBE7C8DC4324}.Release|ARM.ActiveCfg = Release|Win32
		{0B629BA3-D138-407A-801D-DBE7C8DC4324}.Release|iPhone.ActiveCfg = Release|Win32
		{0B629BA3-D138-407A-801D-DBE7C8DC4324}.Release|iPhoneSimulator.ActiveCfg = Release|Win32
		{0B629BA3-D138-407A-801D-DBE7C8DC4324}.Release|x86.ActiveCfg = Release|Win32
		{0B629BA3-D138-407A-801D-DBE7C8DC4324}.Release|x86.Build.0 = Release|Win32
		{0B629BA3-D138-407A-801D-DBE7C8DC4324}.Template|Any CPU.ActiveCfg = Template|Win32
		{0B629BA3-D138-407A-801D-DBE7C8DC4324}.Template|ARM.ActiveCfg = Template|Win32
		{0B629BA3-D138-407A-801D-DBE7C8DC4324}.Template|iPhone.ActiveCfg = Template|Win32
		{0B629BA3-D138-407A-801D-DBE7C8DC4324}.Template|iPhoneSimulator.ActiveCfg = Template|Win32
		{0B629BA3-D138-407A-801D-DBE7C8DC4324}.Template|x86.ActiveCfg = Template|Win32
		{0B629BA3-D138-407A-801D-DBE7C8DC4324}.Template|x86.Build.0 = Template|Win32
		{778BCC7F-40F9-4309-9A88-C0F60D9B364D}.AppStore|Any CPU.ActiveCfg = Template|Win32
		{778BCC7F-40F9-4309-9A88-C0F60D9B364D}.AppStore|Any CPU.Build.0 = Template|Win32
		{778BCC7F-40F9-4309-9A88-C0F60D9B364D}.AppStore|ARM.ActiveCfg = Template|Win32
		{778BCC7F-40F9-4309-9A88-C0F60D9B364D}.AppStore|ARM.Build.0 = Template|Win32
		{778BCC7F-40F9-4309-9A88-C0F60D9B364D}.AppStore|iPhone.ActiveCfg = Template|Win32
		{778BCC7F-40F9-4309-9A88-C0F60D9B364D}.AppStore|iPhone.Build.0 = Template|Win32
		{778BCC7F-40F9-4309-9A88-C0F60D9B364D}.AppStore|iPhoneSimulator.ActiveCfg = Template|Win32
		{778BCC7F-40F9-4309-9A88-C0F60D9B364D}.AppStore|iPhoneSimulator.Build.0 = Template|Win32
		{778BCC7F-40F9-4309-9A88-C0F60D9B364D}.AppStore|x86.ActiveCfg = Template|Win32
		{778BCC7F-40F9-4309-9A88-C0F60D9B364D}.AppStore|x86.Build.0 = Template|Win32
		{778BCC7F-40F9-4309-9A88-C0F60D9B364D}.Blitz2DRelease|Any CPU.ActiveCfg = Blitz2DRelease|Win32
		{778BCC7F-40F9-4309-9A88-C0F60D9B364D}.Blitz2DRelease|ARM.ActiveCfg = Blitz2DRelease|Win32
		{778BCC7F-40F9-4309-9A88-C0F60D9B364D}.Blitz2DRelease|iPhone.ActiveCfg = Blitz2DRelease|Win32
		{778BCC7F-40F9-4309-9A88-C0F60D9B364D}.Blitz2DRelease|iPhoneSimulator.ActiveCfg = Blitz2DRelease|Win32
		{778BCC7F-40F9-4309-9A88-C0F60D9B364D}.Blitz2DRelease|x86.ActiveCfg = Blitz2DRelease|Win32
		{778BCC7F-40F9-4309-9A88-C0F60D9B364D}.Blitz2DRelease|x86.Build.0 = Blitz2DRelease|Win32
		{778BCC7F-40F9-4309-9A88-C0F60D9B364D}.Blitz3DRelease|Any CPU.ActiveCfg = Blitz3DRelease|Win32
		{778BCC7F-40F9-4309-9A88-C0F60D9B364D}.Blitz3DRelease|ARM.ActiveCfg = Blitz3DRelease|Win32
		{778BCC7F-40F9-4309-9A88-C0F60D9B364D}.Blitz3DRelease|iPhone.ActiveCfg = Blitz3DRelease|Win32
		{778BCC7F-40F9-4309-9A88-C0F60D9B364D}.Blitz3DRelease|iPhoneSimulator.ActiveCfg = Blitz3DRelease|Win32
		{778BCC7F-40F9-4309-9A88-C0F60D9B364D}.Blitz3DRelease|x86.ActiveCfg = Blitz3DRelease|Win32
		{778BCC7F-40F9-4309-9A88-C0F60D9B364D}.Blitz3DRelease|x86.Build.0 = Blitz3DRelease|Win32
		{778BCC7F-40F9-4309-9A88-C0F60D9B364D}.Debug|Any CPU.ActiveCfg = Debug|Win32
		{778BCC7F-40F9-4309-9A88-C0F60D9B364D}.Debug|ARM.ActiveCfg = Debug|Win32
		{778BCC7F-40F9-4309-9A88-C0F60D9B364D}.Debug|iPhone.ActiveCfg = Debug|Win32
		{778BCC7F-40F9-4309-9A88-C0F60D9B364D}.Debug|iPhoneSimulator.ActiveCfg = Debug|Win32
		{778BCC7F-40F9-4309-9A88-C0F60D9B364D}.Debug|x86.ActiveCfg = Debug|Win32
		{778BCC7F-40F9-4309-9A88-C0F60D9B364D}.Debug|x86.Build.0 = Debug|Win32
		{778BCC7F-40F9-4309-9A88-C0F60D9B364D}.Release|Any CPU.ActiveCfg = Release|Win32
		{778BCC7F-40F9-4309-9A88-C0F60D9B364D}.Release|ARM.ActiveCfg = Release|Win32
		{778BCC7F-40F9-4309-9A88-C0F60D9B364D}.Release|iPhone.ActiveCfg = Release|Win32
		{778BCC7F-40F9-4309-9A88-C0F60D9B364D}.Release|iPhoneSimulator.ActiveCfg = Release|Win32
		{778BCC7F-40F9-4309-9A88-C0F60D9B364D}.Release|x86.ActiveCfg = Release|Win32
		{778BCC7F-40F9-4309-9A88-C0F60D9B364D}.Release|x86.Build.0 = Release|Win32
		{778BCC7F-40F9-4309-9A88-C0F60D9B364D}.Template|Any CPU.ActiveCfg = Template|Win32
		{778BCC7F-40F9-4309-9A88-C0F60D9B364D}.Template|ARM.ActiveCfg = Template|Win32
		{778BCC7F-40F9-4309-9A88-C0F60D9B364D}.Template|iPhone.ActiveCfg = Template|Win32
		{778BCC7F-40F9-4309-9A88-C0F60D9B364D}.Template|iPhoneSimulator.ActiveCfg = Template|Win32
		{778BCC7F-40F9-4309-9A88-C0F60D9B364D}.Template|x86.ActiveCfg = Template|Win32
		{778BCC7F-40F9-4309-9A88-C0F60D9B364D}.Template|x86.Build.0 = Template|Win32
		{6BCFC5CA-EA71-4AE9-8B96-28B8701F939E}.AppStore|Any CPU.ActiveCfg = Template|Win32
		{6BCFC5CA-EA71-4AE9-8B96-28B8701F939E}.AppStore|Any CPU.Build.0 = Template|Win32
		{6BCFC5CA-EA71-4AE9-8B96-28B8701F939E}.AppStore|ARM.ActiveCfg = Template|Win32
		{6BCFC5CA-EA71-4AE9-8B96-28B8701F939E}.AppStore|ARM.Build.0 = Template|Win32
		{6BCFC5CA-EA71-4AE9-8B96-28B8701F939E}.AppStore|iPhone.ActiveCfg = Template|Win32
		{6BCFC5CA-EA71-4AE9-8B96-28B8701F939E}.AppStore|iPhone.Build.0 = Template|Win32
		{6BCFC5CA-EA71-4AE9-8B96-28B8701F939E}.AppStore|iPhoneSimulator.ActiveCfg = Template|Win32
		{6BCFC5CA-EA71-4AE9-8B96-28B8701F939E}.AppStore|iPhoneSimulator.Build.0 = Template|Win32
		{6BCFC5CA-EA71-4AE9-8B96-28B8701F939E}.AppStore|x86.ActiveCfg = Template|Win32
		{6BCFC5CA-EA71-4AE9-8B96-28B8701F939E}.AppStore|x86.Build.0 = Template|Win32
		{6BCFC5CA-EA71-4AE9-8B96-28B8701F939E}.Blitz2DRelease|Any CPU.ActiveCfg = Blitz2DRelease|Win32
		{6BCFC5CA-EA71-4AE9-8B96-28B8701F939E}.Blitz2DRelease|ARM.ActiveCfg = Blitz2DRelease|Win32
		{6BCFC5CA-EA71-4AE9-8B96-28B8701F939E}.Blitz2DRelease|iPhone.ActiveCfg = Blitz2DRelease|Win32
		{6BCFC5CA-EA71-4AE9-8B96-28B8701F939E}.Blitz2DRelease|iPhoneSimulator.ActiveCfg = Blitz2DRelease|Win32
		{6BCFC5CA-EA71-4AE9-8B96-28B8701F939E}.Blitz2DRelease|x86.ActiveCfg = Blitz2DRelease|Win32
		{6BCFC5CA-EA71-4AE9-8B96-28B8701F939E}.Blitz2DRelease|x86.Build.0 = Blitz2DRelease|Win32
		{6BCFC5CA-EA71-4AE9-8B96-28B8701F939E}.Blitz3DRelease|Any CPU.ActiveCfg = Blitz3DRelease|Win32
		{6BCFC5CA-EA71-4AE9-8B96-28B8701F939E}.Blitz3DRelease|ARM.ActiveCfg = Blitz3DRelease|Win32
		{6BCFC5CA-EA71-4AE9-8B96-28B8701F939E}.Blitz3DRelease|iPhone.ActiveCfg = Blitz3DRelease|Win32
		{6BCFC5CA-EA71-4AE9-8B96-28B8701F939E}.Blitz3DRelease|iPhoneSimulator.ActiveCfg = Blitz3DRelease|Win32
		{6BCFC5CA-EA71-4AE9-8B96-28B8701F939E}.Blitz3DRelease|x86.ActiveCfg = Blitz3DRelease|Win32
		{6BCFC5CA-EA71-4AE9-8B96-28B8701F939E}.Blitz3DRelease|x86.Build.0 = Blitz3DRelease|Win32
		{6BCFC5CA-EA71-4AE9-8B96-28B8701F939E}.Debug|Any CPU.ActiveCfg = Debug|Win32
		{6BCFC5CA-EA71-4AE9-8B96-28B8701F939E}.Debug|ARM.ActiveCfg = Debug|Win32
		{6BCFC5CA-EA71-4AE9-8B96-28B8701F939E}.Debug|iPhone.ActiveCfg = Debug|Win32
		{6BCFC5CA-EA71-4AE9-8B96-28B8701F939E}.Debug|iPhoneSimulator.ActiveCfg = Debug|Win32
		{6BCFC5CA-EA71-4AE9-8B96-28B8701F939E}.Debug|x86.ActiveCfg = Debug|Win32
		{6BCFC5CA-EA71-4AE9-8B96-28B8701F939E}.Debug|x86.Build.0 = Debug|Win32
		{6BCFC5CA-EA71-4AE9-8B96-28B8701F939E}.Release|Any CPU.ActiveCfg = Release|Win32
		{6BCFC5CA-EA71-4AE9-8B96-28B8701F939E}.Release|ARM.ActiveCfg = Release|Win32
		{6BCFC5CA-EA71-4AE9-8B96-28B8701F939E}.Release|iPhone.ActiveCfg = Release|Win32
		{6BCFC5CA-EA71-4AE9-8B96-28B8701F939E}.Release|iPhoneSimulator.ActiveCfg = Release|Win32
		{6BCFC5CA-EA71-4AE9-8B96-28B8701F939E}.Release|x86.ActiveCfg = Release|Win32
		{6BCFC5CA-EA71-4AE9-8B96-28B8701F939E}.Release|x86.Build.0 = Release|Win32
		{6BCFC5CA-EA71-4AE9-8B96-28B8701F939E}.Template|Any CPU.ActiveCfg = Template|Win32
		{6BCFC5CA-EA71-4AE9-8B96-28B8701F939E}.Template|ARM.ActiveCfg = Template|Win32
		{6BCFC5CA-EA71-4AE9-8B96-28B8701F939E}.Template|iPhone.ActiveCfg = Template|Win32
		{6BCFC5CA-EA71-4AE9-8B96-28B8701F939E}.Template|iPhoneSimulator.ActiveCfg = Template|Win32
		{6BCFC5CA-EA71-4AE9-8B96-28B8701F939E}.Template|x86.ActiveCfg = Template|Win32
		{6BCFC5CA-EA71-4AE9-8B96-28B8701F939E}.Template|x86.Build.0 = Template|Win32
	EndGlobalSection
	GlobalSection(SolutionProperties) = preSolution
		HideSolutionNode = FALSE
	EndGlobalSection
EndGlobal
