
Microsoft Visual Studio Solution File, Format Version 12.00
# Visual Studio 14
VisualStudioVersion = 14.0.25123.0
MinimumVisualStudioVersion = 10.0.40219.1
Project("{8BC9CEB8-8B4A-11D0-8D11-00A0C91BC942}") = "asm_makeinsts", "asm_makeinsts\asm_makeinsts.vcxproj", "{E85F5BD3-FEA3-4342-885E-2C00AFBFE12E}"
EndProject
Project("{8BC9CEB8-8B4A-11D0-8D11-00A0C91BC942}") = "BlitzCC", "blitz\blitz.vcxproj", "{C23AF61E-9509-411F-933E-17DB18884B21}"
EndProject
Project("{8BC9CEB8-8B4A-11D0-8D11-00A0C91BC942}") = "blitz3d", "blitz3d\blitz3d.vcxproj", "{BE0BA538-6215-4836-9227-1D3627E40D61}"
EndProject
Project("{8BC9CEB8-8B4A-11D0-8D11-00A0C91BC942}") = "Compiler", "Compiler\compiler.vcxproj", "{D884A075-E3B8-44E1-838D-74F28B33391B}"
EndProject
Project("{8BC9CEB8-8B4A-11D0-8D11-00A0C91BC942}") = "Configuration", "config\config.vcxproj", "{3E355353-96D8-4AAF-BF95-8E6CA0D4B1BA}"
EndProject
Project("{8BC9CEB8-8B4A-11D0-8D11-00A0C91BC942}") = "Debugger", "Debugger\debugger.vcxproj", "{4132C330-95D9-4F68-A51A-3B90381587C5}"
EndProject
Project("{8BC9CEB8-8B4A-11D0-8D11-00A0C91BC942}") = "GraphicsRuntime", "gxruntime\gxruntime.vcxproj", "{FF2D8BF7-1930-4CAB-BC48-05CD33B7DC18}"
EndProject
Project("{8BC9CEB8-8B4A-11D0-8D11-00A0C91BC942}") = "stdutil", "stdutil\stdutil.vcxproj", "{6BCFC5CA-EA71-4AE9-8B96-28B8701F939E}"
EndProject
Project("{8BC9CEB8-8B4A-11D0-8D11-00A0C91BC942}") = "IDE", "BlitzBasicIDE\blitzide.vcxproj", "{B61D8348-B715-42B8-A759-C7BBB0C8CD4D}"
EndProject
Project("{8BC9CEB8-8B4A-11D0-8D11-00A0C91BC942}") = "BlitzBasicLauncher", "BlitzBasicLauncher\bblaunch.vcxproj", "{C74A383E-81B0-4679-AAC9-535C94C92EA5}"
EndProject
Project("{8BC9CEB8-8B4A-11D0-8D11-00A0C91BC942}") = "Runtime", "Runtime\bbruntime_dll.vcxproj", "{5FA2FD4A-F9A4-41BA-9484-07C3A57A87E3}"
EndProject
Project("{8BC9CEB8-8B4A-11D0-8D11-00A0C91BC942}") = "RuntimeLib", "RuntimeLib\bbruntime.vcxproj", "{DF8CAA9D-7154-4D5F-BCCC-0D7BB57C7354}"
EndProject
Project("{8BC9CEB8-8B4A-11D0-8D11-00A0C91BC942}") = "Linker", "Linker\linker_dll.vcxproj", "{778BCC7F-40F9-4309-9A88-C0F60D9B364D}"
EndProject
Project("{8BC9CEB8-8B4A-11D0-8D11-00A0C91BC942}") = "LinkerLib", "LinkerLib\linker.vcxproj", "{0B629BA3-D138-407A-801D-DBE7C8DC4324}"
EndProject
Project("{8BC9CEB8-8B4A-11D0-8D11-00A0C91BC942}") = "Engine", "Engine\Engine.vcxproj", "{CB5EDAC6-C090-40B5-84F2-BA6269261539}"
EndProject
Global
	GlobalSection(SolutionConfigurationPlatforms) = preSolution
		Debug|x64 = Debug|x64
		Debug|x86 = Debug|x86
		Release|x64 = Release|x64
		Release|x86 = Release|x86
	EndGlobalSection
	GlobalSection(ProjectConfigurationPlatforms) = postSolution
		{E85F5BD3-FEA3-4342-885E-2C00AFBFE12E}.Debug|x64.ActiveCfg = Debug|Win32
		{E85F5BD3-FEA3-4342-885E-2C00AFBFE12E}.Debug|x86.ActiveCfg = Debug|Win32
		{E85F5BD3-FEA3-4342-885E-2C00AFBFE12E}.Debug|x86.Build.0 = Debug|Win32
		{E85F5BD3-FEA3-4342-885E-2C00AFBFE12E}.Release|x64.ActiveCfg = Release|Win32
		{E85F5BD3-FEA3-4342-885E-2C00AFBFE12E}.Release|x86.ActiveCfg = Release|Win32
		{E85F5BD3-FEA3-4342-885E-2C00AFBFE12E}.Release|x86.Build.0 = Release|Win32
		{C23AF61E-9509-411F-933E-17DB18884B21}.Debug|x64.ActiveCfg = Debug|Win32
		{C23AF61E-9509-411F-933E-17DB18884B21}.Debug|x86.ActiveCfg = Debug|Win32
		{C23AF61E-9509-411F-933E-17DB18884B21}.Debug|x86.Build.0 = Debug|Win32
		{C23AF61E-9509-411F-933E-17DB18884B21}.Release|x64.ActiveCfg = Release|Win32
		{C23AF61E-9509-411F-933E-17DB18884B21}.Release|x86.ActiveCfg = Release|Win32
		{C23AF61E-9509-411F-933E-17DB18884B21}.Release|x86.Build.0 = Release|Win32
		{BE0BA538-6215-4836-9227-1D3627E40D61}.Debug|x64.ActiveCfg = Debug|Win32
		{BE0BA538-6215-4836-9227-1D3627E40D61}.Debug|x86.ActiveCfg = Debug|Win32
		{BE0BA538-6215-4836-9227-1D3627E40D61}.Debug|x86.Build.0 = Debug|Win32
		{BE0BA538-6215-4836-9227-1D3627E40D61}.Release|x64.ActiveCfg = Release|Win32
		{BE0BA538-6215-4836-9227-1D3627E40D61}.Release|x86.ActiveCfg = Release|Win32
		{BE0BA538-6215-4836-9227-1D3627E40D61}.Release|x86.Build.0 = Release|Win32
		{D884A075-E3B8-44E1-838D-74F28B33391B}.Debug|x64.ActiveCfg = Debug|Win32
		{D884A075-E3B8-44E1-838D-74F28B33391B}.Debug|x86.ActiveCfg = Debug|Win32
		{D884A075-E3B8-44E1-838D-74F28B33391B}.Debug|x86.Build.0 = Debug|Win32
		{D884A075-E3B8-44E1-838D-74F28B33391B}.Release|x64.ActiveCfg = Release|Win32
		{D884A075-E3B8-44E1-838D-74F28B33391B}.Release|x86.ActiveCfg = Release|Win32
		{D884A075-E3B8-44E1-838D-74F28B33391B}.Release|x86.Build.0 = Release|Win32
		{3E355353-96D8-4AAF-BF95-8E6CA0D4B1BA}.Debug|x64.ActiveCfg = Debug|Win32
		{3E355353-96D8-4AAF-BF95-8E6CA0D4B1BA}.Debug|x86.ActiveCfg = Debug|Win32
		{3E355353-96D8-4AAF-BF95-8E6CA0D4B1BA}.Debug|x86.Build.0 = Debug|Win32
		{3E355353-96D8-4AAF-BF95-8E6CA0D4B1BA}.Release|x64.ActiveCfg = Release|Win32
		{3E355353-96D8-4AAF-BF95-8E6CA0D4B1BA}.Release|x86.ActiveCfg = Release|Win32
		{3E355353-96D8-4AAF-BF95-8E6CA0D4B1BA}.Release|x86.Build.0 = Release|Win32
		{4132C330-95D9-4F68-A51A-3B90381587C5}.Debug|x64.ActiveCfg = Debug|Win32
		{4132C330-95D9-4F68-A51A-3B90381587C5}.Debug|x86.ActiveCfg = Debug|Win32
		{4132C330-95D9-4F68-A51A-3B90381587C5}.Debug|x86.Build.0 = Debug|Win32
		{4132C330-95D9-4F68-A51A-3B90381587C5}.Release|x64.ActiveCfg = Release|Win32
		{4132C330-95D9-4F68-A51A-3B90381587C5}.Release|x86.ActiveCfg = Release|Win32
		{4132C330-95D9-4F68-A51A-3B90381587C5}.Release|x86.Build.0 = Release|Win32
		{FF2D8BF7-1930-4CAB-BC48-05CD33B7DC18}.Debug|x64.ActiveCfg = Debug|Win32
		{FF2D8BF7-1930-4CAB-BC48-05CD33B7DC18}.Debug|x86.ActiveCfg = Debug|Win32
		{FF2D8BF7-1930-4CAB-BC48-05CD33B7DC18}.Debug|x86.Build.0 = Debug|Win32
		{FF2D8BF7-1930-4CAB-BC48-05CD33B7DC18}.Release|x64.ActiveCfg = Release|Win32
		{FF2D8BF7-1930-4CAB-BC48-05CD33B7DC18}.Release|x86.ActiveCfg = Release|Win32
		{FF2D8BF7-1930-4CAB-BC48-05CD33B7DC18}.Release|x86.Build.0 = Release|Win32
		{6BCFC5CA-EA71-4AE9-8B96-28B8701F939E}.Debug|x64.ActiveCfg = Debug|Win32
		{6BCFC5CA-EA71-4AE9-8B96-28B8701F939E}.Debug|x86.ActiveCfg = Debug|Win32
		{6BCFC5CA-EA71-4AE9-8B96-28B8701F939E}.Debug|x86.Build.0 = Debug|Win32
		{6BCFC5CA-EA71-4AE9-8B96-28B8701F939E}.Release|x64.ActiveCfg = Release|Win32
		{6BCFC5CA-EA71-4AE9-8B96-28B8701F939E}.Release|x86.ActiveCfg = Release|Win32
		{6BCFC5CA-EA71-4AE9-8B96-28B8701F939E}.Release|x86.Build.0 = Release|Win32
		{B61D8348-B715-42B8-A759-C7BBB0C8CD4D}.Debug|x64.ActiveCfg = Debug|Win32
		{B61D8348-B715-42B8-A759-C7BBB0C8CD4D}.Debug|x86.ActiveCfg = Debug|Win32
		{B61D8348-B715-42B8-A759-C7BBB0C8CD4D}.Release|x64.ActiveCfg = Release|Win32
		{B61D8348-B715-42B8-A759-C7BBB0C8CD4D}.Release|x86.ActiveCfg = Release|Win32
		{C74A383E-81B0-4679-AAC9-535C94C92EA5}.Debug|x64.ActiveCfg = Debug|Win32
		{C74A383E-81B0-4679-AAC9-535C94C92EA5}.Debug|x86.ActiveCfg = Debug|Win32
		{C74A383E-81B0-4679-AAC9-535C94C92EA5}.Debug|x86.Build.0 = Debug|Win32
		{C74A383E-81B0-4679-AAC9-535C94C92EA5}.Release|x64.ActiveCfg = Release|Win32
		{C74A383E-81B0-4679-AAC9-535C94C92EA5}.Release|x86.ActiveCfg = Release|Win32
		{C74A383E-81B0-4679-AAC9-535C94C92EA5}.Release|x86.Build.0 = Release|Win32
		{5FA2FD4A-F9A4-41BA-9484-07C3A57A87E3}.Debug|x64.ActiveCfg = Debug|Win32
		{5FA2FD4A-F9A4-41BA-9484-07C3A57A87E3}.Debug|x86.ActiveCfg = Debug|Win32
		{5FA2FD4A-F9A4-41BA-9484-07C3A57A87E3}.Debug|x86.Build.0 = Debug|Win32
		{5FA2FD4A-F9A4-41BA-9484-07C3A57A87E3}.Release|x64.ActiveCfg = Release|Win32
		{5FA2FD4A-F9A4-41BA-9484-07C3A57A87E3}.Release|x86.ActiveCfg = Release|Win32
		{5FA2FD4A-F9A4-41BA-9484-07C3A57A87E3}.Release|x86.Build.0 = Release|Win32
		{DF8CAA9D-7154-4D5F-BCCC-0D7BB57C7354}.Debug|x64.ActiveCfg = Debug|Win32
		{DF8CAA9D-7154-4D5F-BCCC-0D7BB57C7354}.Debug|x86.ActiveCfg = Debug|Win32
		{DF8CAA9D-7154-4D5F-BCCC-0D7BB57C7354}.Debug|x86.Build.0 = Debug|Win32
		{DF8CAA9D-7154-4D5F-BCCC-0D7BB57C7354}.Release|x64.ActiveCfg = Release|Win32
		{DF8CAA9D-7154-4D5F-BCCC-0D7BB57C7354}.Release|x86.ActiveCfg = Release|Win32
		{DF8CAA9D-7154-4D5F-BCCC-0D7BB57C7354}.Release|x86.Build.0 = Release|Win32
		{778BCC7F-40F9-4309-9A88-C0F60D9B364D}.Debug|x64.ActiveCfg = Debug|Win32
		{778BCC7F-40F9-4309-9A88-C0F60D9B364D}.Debug|x86.ActiveCfg = Debug|Win32
		{778BCC7F-40F9-4309-9A88-C0F60D9B364D}.Debug|x86.Build.0 = Debug|Win32
		{778BCC7F-40F9-4309-9A88-C0F60D9B364D}.Release|x64.ActiveCfg = Release|Win32
		{778BCC7F-40F9-4309-9A88-C0F60D9B364D}.Release|x86.ActiveCfg = Release|Win32
		{778BCC7F-40F9-4309-9A88-C0F60D9B364D}.Release|x86.Build.0 = Release|Win32
		{0B629BA3-D138-407A-801D-DBE7C8DC4324}.Debug|x64.ActiveCfg = Debug|Win32
		{0B629BA3-D138-407A-801D-DBE7C8DC4324}.Debug|x86.ActiveCfg = Debug|Win32
		{0B629BA3-D138-407A-801D-DBE7C8DC4324}.Debug|x86.Build.0 = Debug|Win32
		{0B629BA3-D138-407A-801D-DBE7C8DC4324}.Release|x64.ActiveCfg = Release|Win32
		{0B629BA3-D138-407A-801D-DBE7C8DC4324}.Release|x86.ActiveCfg = Release|Win32
		{0B629BA3-D138-407A-801D-DBE7C8DC4324}.Release|x86.Build.0 = Release|Win32
		{CB5EDAC6-C090-40B5-84F2-BA6269261539}.Debug|x64.ActiveCfg = Debug|x64
		{CB5EDAC6-C090-40B5-84F2-BA6269261539}.Debug|x64.Build.0 = Debug|x64
		{CB5EDAC6-C090-40B5-84F2-BA6269261539}.Debug|x86.ActiveCfg = Debug|Win32
		{CB5EDAC6-C090-40B5-84F2-BA6269261539}.Debug|x86.Build.0 = Debug|Win32
		{CB5EDAC6-C090-40B5-84F2-BA6269261539}.Release|x64.ActiveCfg = Release|x64
		{CB5EDAC6-C090-40B5-84F2-BA6269261539}.Release|x64.Build.0 = Release|x64
		{CB5EDAC6-C090-40B5-84F2-BA6269261539}.Release|x86.ActiveCfg = Release|Win32
		{CB5EDAC6-C090-40B5-84F2-BA6269261539}.Release|x86.Build.0 = Release|Win32
	EndGlobalSection
	GlobalSection(SolutionProperties) = preSolution
		HideSolutionNode = FALSE
	EndGlobalSection
EndGlobal
