<?xml version="1.0" encoding="utf-8"?>
<Project ToolsVersion="4.0" xmlns="http://schemas.microsoft.com/developer/msbuild/2003">
  <ItemGroup>
    <Filter Include="nodes">
      <UniqueIdentifier>{0b6321df-3a3e-4216-9d78-49d53be3c776}</UniqueIdentifier>
    </Filter>
    <Filter Include="environ">
      <UniqueIdentifier>{7504da95-9f66-48b8-a5a8-18b4ea7e3f61}</UniqueIdentifier>
    </Filter>
    <Filter Include="parser">
      <UniqueIdentifier>{bd57d294-2c5f-436a-b0ea-611753bab52a}</UniqueIdentifier>
    </Filter>
    <Filter Include="codegen">
      <UniqueIdentifier>{2d9d1b9e-3980-46dc-8780-4acfc27cdfe1}</UniqueIdentifier>
    </Filter>
    <Filter Include="codegen\codegen_x86">
      <UniqueIdentifier>{a3cafe0f-afd9-403e-9b3d-4274d9934b74}</UniqueIdentifier>
    </Filter>
    <Filter Include="assem">
      <UniqueIdentifier>{780f6104-16ed-450b-870a-be4469b42eb9}</UniqueIdentifier>
    </Filter>
    <Filter Include="assem\assem_x86">
      <UniqueIdentifier>{3990d4b7-2d61-49b0-b1dd-019167e36b1d}</UniqueIdentifier>
    </Filter>
  </ItemGroup>
  <ItemGroup>
    <ClCompile Include="declnode.cpp">
      <Filter>nodes</Filter>
    </ClCompile>
    <ClCompile Include="exprnode.cpp">
      <Filter>nodes</Filter>
    </ClCompile>
    <ClCompile Include="node.cpp">
      <Filter>nodes</Filter>
    </ClCompile>
    <ClCompile Include="prognode.cpp">
      <Filter>nodes</Filter>
    </ClCompile>
    <ClCompile Include="stmtnode.cpp">
      <Filter>nodes</Filter>
    </ClCompile>
    <ClCompile Include="varnode.cpp">
      <Filter>nodes</Filter>
    </ClCompile>
    <ClCompile Include="decl.cpp">
      <Filter>environ</Filter>
    </ClCompile>
    <ClCompile Include="environ.cpp">
      <Filter>environ</Filter>
    </ClCompile>
    <ClCompile Include="type.cpp">
      <Filter>environ</Filter>
    </ClCompile>
    <ClCompile Include="parser.cpp">
      <Filter>parser</Filter>
    </ClCompile>
    <ClCompile Include="toker.cpp">
      <Filter>parser</Filter>
    </ClCompile>
    <ClCompile Include="codegen_x86\codegen_x86.cpp">
      <Filter>codegen\codegen_x86</Filter>
    </ClCompile>
    <ClCompile Include="codegen_x86\tile.cpp">
      <Filter>codegen\codegen_x86</Filter>
    </ClCompile>
    <ClCompile Include="assem_x86\asm_insts.cpp">
      <Filter>assem\assem_x86</Filter>
    </ClCompile>
    <ClCompile Include="assem_x86\assem_x86.cpp">
      <Filter>assem\assem_x86</Filter>
    </ClCompile>
    <ClCompile Include="assem_x86\operand.cpp">
      <Filter>assem\assem_x86</Filter>
    </ClCompile>
    <ClCompile Include="std.cpp" />
  </ItemGroup>
  <ItemGroup>
    <ClInclude Include="declnode.h">
      <Filter>nodes</Filter>
    </ClInclude>
    <ClInclude Include="exprnode.h">
      <Filter>nodes</Filter>
    </ClInclude>
    <ClInclude Include="node.h">
      <Filter>nodes</Filter>
    </ClInclude>
    <ClInclude Include="nodes.h">
      <Filter>nodes</Filter>
    </ClInclude>
    <ClInclude Include="prognode.h">
      <Filter>nodes</Filter>
    </ClInclude>
    <ClInclude Include="stmtnode.h">
      <Filter>nodes</Filter>
    </ClInclude>
    <ClInclude Include="varnode.h">
      <Filter>nodes</Filter>
    </ClInclude>
    <ClInclude Include="decl.h">
      <Filter>environ</Filter>
    </ClInclude>
    <ClInclude Include="environ.h">
      <Filter>environ</Filter>
    </ClInclude>
    <ClInclude Include="label.h">
      <Filter>environ</Filter>
    </ClInclude>
    <ClInclude Include="type.h">
      <Filter>environ</Filter>
    </ClInclude>
    <ClInclude Include="parser.h">
      <Filter>parser</Filter>
    </ClInclude>
    <ClInclude Include="toker.h">
      <Filter>parser</Filter>
    </ClInclude>
    <ClInclude Include="codegen_x86\codegen_x86.h">
      <Filter>codegen\codegen_x86</Filter>
    </ClInclude>
    <ClInclude Include="codegen_x86\tile.h">
      <Filter>codegen\codegen_x86</Filter>
    </ClInclude>
    <ClInclude Include="codegen.h">
      <Filter>codegen</Filter>
    </ClInclude>
    <ClInclude Include="assem_x86\assem_x86.h">
      <Filter>assem\assem_x86</Filter>
    </ClInclude>
    <ClInclude Include="assem_x86\insts.h">
      <Filter>assem\assem_x86</Filter>
    </ClInclude>
    <ClInclude Include="assem_x86\operand.h">
      <Filter>assem\assem_x86</Filter>
    </ClInclude>
    <ClInclude Include="assem.h">
      <Filter>assem</Filter>
    </ClInclude>
    <ClInclude Include="ex.h" />
    <ClInclude Include="std.h" />
  </ItemGroup>
</Project>